// !$*UTF8*$!
{
	archiveVersion = 1;
	classes = {
	};
	objectVersion = 77;
	objects = {

/* Begin PBXBuildFile section */
		CC56FE2C2FBA5ABC00918D5A /* Visual Timer Watch Watch App.app in Embed Watch Content */ = {isa = PBXBuildFile; fileRef = CC56FE2B2FBA5ABC00918D5A /* Visual Timer Watch Watch App.app */; settings = {ATTRIBUTES = (RemoveHeadersOnCopy, ); }; };
		DD4401010000000000000001 /* TurnTimerWidgets.appex in Embed App Extensions */ = {isa = PBXBuildFile; fileRef = DD4402010000000000000001 /* TurnTimerWidgets.appex */; settings = {ATTRIBUTES = (RemoveHeadersOnCopy, ); }; };
		DD4401020000000000000001 /* SharedAppGroup.swift in Sources */ = {isa = PBXBuildFile; fileRef = DD4402020000000000000001 /* SharedAppGroup.swift */; };
		DD4401030000000000000001 /* WidgetSnapshot.swift in Sources */ = {isa = PBXBuildFile; fileRef = DD4402030000000000000001 /* WidgetSnapshot.swift */; };
		DD4401040000000000000001 /* WidgetSnapshotStore.swift in Sources */ = {isa = PBXBuildFile; fileRef = DD4402040000000000000001 /* WidgetSnapshotStore.swift */; };
		DD4401050000000000000001 /* TurnTimerDeepLink.swift in Sources */ = {isa = PBXBuildFile; fileRef = DD4402050000000000000001 /* TurnTimerDeepLink.swift */; };
		DD4401060000000000000001 /* StarterTemplateLibrary.swift in Sources */ = {isa = PBXBuildFile; fileRef = DD4402060000000000000001 /* StarterTemplateLibrary.swift */; };
		DD4401070000000000000001 /* TemplateDocument.swift in Sources */ = {isa = PBXBuildFile; fileRef = DD4402070000000000000001 /* TemplateDocument.swift */; };
		DD4401080000000000000001 /* Round.swift in Sources */ = {isa = PBXBuildFile; fileRef = DD4402080000000000000001 /* Round.swift */; };
		DD4401090000000000000001 /* Theme.swift in Sources */ = {isa = PBXBuildFile; fileRef = DD4402090000000000000001 /* Theme.swift */; };
		DD44010A0000000000000001 /* SoundManager.swift in Sources */ = {isa = PBXBuildFile; fileRef = DD44020A0000000000000001 /* SoundManager.swift */; };
		DD44010B0000000000000001 /* UbiquitousSettingsStore.swift in Sources */ = {isa = PBXBuildFile; fileRef = DD44020B0000000000000001 /* UbiquitousSettingsStore.swift */; };
		EE0001010000000000000001 /* TimerViewModel.swift in Sources */ = {isa = PBXBuildFile; fileRef = EE0002010000000000000001 /* TimerViewModel.swift */; };
		EE0001020000000000000001 /* Theme.swift in Sources */ = {isa = PBXBuildFile; fileRef = EE0002020000000000000001 /* Theme.swift */; };
		EE0001030000000000000001 /* Round.swift in Sources */ = {isa = PBXBuildFile; fileRef = EE0002030000000000000001 /* Round.swift */; };
		EE0001040000000000000001 /* GameViewModel.swift in Sources */ = {isa = PBXBuildFile; fileRef = EE0002040000000000000001 /* GameViewModel.swift */; };
		EE0001050000000000000001 /* StarterTemplateLibrary.swift in Sources */ = {isa = PBXBuildFile; fileRef = EE0002050000000000000001 /* StarterTemplateLibrary.swift */; };
		EE0001060000000000000001 /* SoundManager.swift in Sources */ = {isa = PBXBuildFile; fileRef = EE0002060000000000000001 /* SoundManager.swift */; };
		EE0001070000000000000001 /* UbiquitousSettingsStore.swift in Sources */ = {isa = PBXBuildFile; fileRef = EE0002070000000000000001 /* UbiquitousSettingsStore.swift */; };
		EE0001080000000000000001 /* GameRecord.swift in Sources */ = {isa = PBXBuildFile; fileRef = EE0002080000000000000001 /* GameRecord.swift */; };
		EE0001090000000000000001 /* SessionEvent.swift in Sources */ = {isa = PBXBuildFile; fileRef = EE0002090000000000000001 /* SessionEvent.swift */; };
		EE00010A0000000000000001 /* SharedAppGroup.swift in Sources */ = {isa = PBXBuildFile; fileRef = EE00020A0000000000000001 /* SharedAppGroup.swift */; };
		EE00010B0000000000000001 /* WatchTemplateStore.swift in Sources */ = {isa = PBXBuildFile; fileRef = EE00020B0000000000000001 /* WatchTemplateStore.swift */; };
		EE00010C0000000000000001 /* HistoryDocument.swift in Sources */ = {isa = PBXBuildFile; fileRef = EE00020C0000000000000001 /* HistoryDocument.swift */; };
		EE00010D0000000000000001 /* TemplateImportExport.swift in Sources */ = {isa = PBXBuildFile; fileRef = EE00020D0000000000000001 /* TemplateImportExport.swift */; };
		EE00010E0000000000000001 /* TemplateDocument.swift in Sources */ = {isa = PBXBuildFile; fileRef = EE00020E0000000000000001 /* TemplateDocument.swift */; };
		EE00010F0000000000000001 /* TimerVisualProgress.swift in Sources */ = {isa = PBXBuildFile; fileRef = EE00020F0000000000000001 /* TimerVisualProgress.swift */; };
/* End PBXBuildFile section */

/* Begin PBXContainerItemProxy section */
		CC56F6CF2FBA1C2400918D5A /* PBXContainerItemProxy */ = {
			isa = PBXContainerItemProxy;
			containerPortal = CC56F6B92FBA1C2200918D5A /* Project object */;
			proxyType = 1;
			remoteGlobalIDString = CC56F6C02FBA1C2200918D5A;
			remoteInfo = "Visual Timer";
		};
		CC56F6D92FBA1C2400918D5A /* PBXContainerItemProxy */ = {
			isa = PBXContainerItemProxy;
			containerPortal = CC56F6B92FBA1C2200918D5A /* Project object */;
			proxyType = 1;
			remoteGlobalIDString = CC56F6C02FBA1C2200918D5A;
			remoteInfo = "Visual Timer";
		};
		CC56FE2D2FBA5ABC00918D5A /* PBXContainerItemProxy */ = {
			isa = PBXContainerItemProxy;
			containerPortal = CC56F6B92FBA1C2200918D5A /* Project object */;
			proxyType = 1;
			remoteGlobalIDString = CC56FE2A2FBA5ABC00918D5A;
			remoteInfo = "Visual Timer Watch Watch App";
		};
		CC56FE3B2FBA5ABE00918D5A /* PBXContainerItemProxy */ = {
			isa = PBXContainerItemProxy;
			containerPortal = CC56F6B92FBA1C2200918D5A /* Project object */;
			proxyType = 1;
			remoteGlobalIDString = CC56FE2A2FBA5ABC00918D5A;
			remoteInfo = "Visual Timer Watch Watch App";
		};
		CC56FE452FBA5ABE00918D5A /* PBXContainerItemProxy */ = {
			isa = PBXContainerItemProxy;
			containerPortal = CC56F6B92FBA1C2200918D5A /* Project object */;
			proxyType = 1;
			remoteGlobalIDString = CC56FE2A2FBA5ABC00918D5A;
			remoteInfo = "Visual Timer Watch Watch App";
		};
		DD44030C0000000000000001 /* PBXContainerItemProxy */ = {
			isa = PBXContainerItemProxy;
			containerPortal = CC56F6B92FBA1C2200918D5A /* Project object */;
			proxyType = 1;
			remoteGlobalIDString = DD4403070000000000000001;
			remoteInfo = TurnTimerWidgets;
		};
/* End PBXContainerItemProxy section */

/* Begin PBXCopyFilesBuildPhase section */
		CC56FE1D2FBA5A7200918D5A /* Embed Watch Content */ = {
			isa = PBXCopyFilesBuildPhase;
			buildActionMask = 2147483647;
			dstPath = "$(CONTENTS_FOLDER_PATH)/Watch";
			dstSubfolderSpec = 16;
			files = (
			);
			name = "Embed Watch Content";
			runOnlyForDeploymentPostprocessing = 0;
		};
		CC56FE4F2FBA5ABE00918D5A /* Embed Watch Content */ = {
			isa = PBXCopyFilesBuildPhase;
			buildActionMask = 2147483647;
			dstPath = "$(CONTENTS_FOLDER_PATH)/Watch";
			dstSubfolderSpec = 16;
			files = (
				CC56FE2C2FBA5ABC00918D5A /* Visual Timer Watch Watch App.app in Embed Watch Content */,
			);
			name = "Embed Watch Content";
			runOnlyForDeploymentPostprocessing = 0;
		};
		DD44030B0000000000000001 /* Embed App Extensions */ = {
			isa = PBXCopyFilesBuildPhase;
			buildActionMask = 2147483647;
			dstPath = "";
			dstSubfolderSpec = 13;
			files = (
				DD4401010000000000000001 /* TurnTimerWidgets.appex in Embed App Extensions */,
			);
			name = "Embed App Extensions";
			runOnlyForDeploymentPostprocessing = 0;
		};
/* End PBXCopyFilesBuildPhase section */

/* Begin PBXFileReference section */
		CC56F6C12FBA1C2200918D5A /* Visual Timer.app */ = {isa = PBXFileReference; explicitFileType = wrapper.application; includeInIndex = 0; path = "Visual Timer.app"; sourceTree = BUILT_PRODUCTS_DIR; };
		CC56F6CE2FBA1C2400918D5A /* Visual TimerTests.xctest */ = {isa = PBXFileReference; explicitFileType = wrapper.cfbundle; includeInIndex = 0; path = "Visual TimerTests.xctest"; sourceTree = BUILT_PRODUCTS_DIR; };
		CC56F6D82FBA1C2400918D5A /* Visual TimerUITests.xctest */ = {isa = PBXFileReference; explicitFileType = wrapper.cfbundle; includeInIndex = 0; path = "Visual TimerUITests.xctest"; sourceTree = BUILT_PRODUCTS_DIR; };
		CC56FE262FBA5ABC00918D5A /* Visual Timer Watch.app */ = {isa = PBXFileReference; explicitFileType = wrapper.application; includeInIndex = 0; path = "Visual Timer Watch.app"; sourceTree = BUILT_PRODUCTS_DIR; };
		CC56FE2B2FBA5ABC00918D5A /* Visual Timer Watch Watch App.app */ = {isa = PBXFileReference; explicitFileType = wrapper.application; includeInIndex = 0; path = "Visual Timer Watch Watch App.app"; sourceTree = BUILT_PRODUCTS_DIR; };
		CC56FE3A2FBA5ABE00918D5A /* Visual Timer Watch Watch AppTests.xctest */ = {isa = PBXFileReference; explicitFileType = wrapper.cfbundle; includeInIndex = 0; path = "Visual Timer Watch Watch AppTests.xctest"; sourceTree = BUILT_PRODUCTS_DIR; };
		CC56FE442FBA5ABE00918D5A /* Visual Timer Watch Watch AppUITests.xctest */ = {isa = PBXFileReference; explicitFileType = wrapper.cfbundle; includeInIndex = 0; path = "Visual Timer Watch Watch AppUITests.xctest"; sourceTree = BUILT_PRODUCTS_DIR; };
		DD4402010000000000000001 /* TurnTimerWidgets.appex */ = {isa = PBXFileReference; explicitFileType = "wrapper.app-extension"; includeInIndex = 0; path = TurnTimerWidgets.appex; sourceTree = BUILT_PRODUCTS_DIR; };
		DD4402020000000000000001 /* SharedAppGroup.swift */ = {isa = PBXFileReference; lastKnownFileType = sourcecode.swift; path = "Visual Timer/SharedAppGroup.swift"; sourceTree = "<group>"; };
		DD4402030000000000000001 /* WidgetSnapshot.swift */ = {isa = PBXFileReference; lastKnownFileType = sourcecode.swift; path = "Visual Timer/WidgetSnapshot.swift"; sourceTree = "<group>"; };
		DD4402040000000000000001 /* WidgetSnapshotStore.swift */ = {isa = PBXFileReference; lastKnownFileType = sourcecode.swift; path = "Visual Timer/WidgetSnapshotStore.swift"; sourceTree = "<group>"; };
		DD4402050000000000000001 /* TurnTimerDeepLink.swift */ = {isa = PBXFileReference; lastKnownFileType = sourcecode.swift; path = "Visual Timer/TurnTimerDeepLink.swift"; sourceTree = "<group>"; };
		DD4402060000000000000001 /* StarterTemplateLibrary.swift */ = {isa = PBXFileReference; lastKnownFileType = sourcecode.swift; path = "Visual Timer/StarterTemplateLibrary.swift"; sourceTree = "<group>"; };
		DD4402070000000000000001 /* TemplateDocument.swift */ = {isa = PBXFileReference; lastKnownFileType = sourcecode.swift; path = "Visual Timer/TemplateDocument.swift"; sourceTree = "<group>"; };
		DD4402080000000000000001 /* Round.swift */ = {isa = PBXFileReference; lastKnownFileType = sourcecode.swift; path = "Visual Timer/Round.swift"; sourceTree = "<group>"; };
		DD4402090000000000000001 /* Theme.swift */ = {isa = PBXFileReference; lastKnownFileType = sourcecode.swift; path = "Visual Timer/Theme.swift"; sourceTree = "<group>"; };
		DD44020A0000000000000001 /* SoundManager.swift */ = {isa = PBXFileReference; lastKnownFileType = sourcecode.swift; path = "Visual Timer/SoundManager.swift"; sourceTree = "<group>"; };
		DD44020B0000000000000001 /* UbiquitousSettingsStore.swift */ = {isa = PBXFileReference; lastKnownFileType = sourcecode.swift; path = "Visual Timer/UbiquitousSettingsStore.swift"; sourceTree = "<group>"; };
		EE0002010000000000000001 /* TimerViewModel.swift */ = {isa = PBXFileReference; lastKnownFileType = sourcecode.swift; path = "Visual Timer/TimerViewModel.swift"; sourceTree = "<group>"; };
		EE00020F0000000000000001 /* TimerVisualProgress.swift */ = {isa = PBXFileReference; lastKnownFileType = sourcecode.swift; path = "Visual Timer/TimerVisualProgress.swift"; sourceTree = "<group>"; };
		EE0002020000000000000001 /* Theme.swift */ = {isa = PBXFileReference; lastKnownFileType = sourcecode.swift; path = "Visual Timer/Theme.swift"; sourceTree = "<group>"; };
		EE0002030000000000000001 /* Round.swift */ = {isa = PBXFileReference; lastKnownFileType = sourcecode.swift; path = "Visual Timer/Round.swift"; sourceTree = "<group>"; };
		EE0002040000000000000001 /* GameViewModel.swift */ = {isa = PBXFileReference; lastKnownFileType = sourcecode.swift; path = "Visual Timer/GameViewModel.swift"; sourceTree = "<group>"; };
		EE0002050000000000000001 /* StarterTemplateLibrary.swift */ = {isa = PBXFileReference; lastKnownFileType = sourcecode.swift; path = "Visual Timer/StarterTemplateLibrary.swift"; sourceTree = "<group>"; };
		EE0002060000000000000001 /* SoundManager.swift */ = {isa = PBXFileReference; lastKnownFileType = sourcecode.swift; path = "Visual Timer/SoundManager.swift"; sourceTree = "<group>"; };
		EE0002070000000000000001 /* UbiquitousSettingsStore.swift */ = {isa = PBXFileReference; lastKnownFileType = sourcecode.swift; path = "Visual Timer/UbiquitousSettingsStore.swift"; sourceTree = "<group>"; };
		EE0002080000000000000001 /* GameRecord.swift */ = {isa = PBXFileReference; lastKnownFileType = sourcecode.swift; path = "Visual Timer/GameRecord.swift"; sourceTree = "<group>"; };
		EE0002090000000000000001 /* SessionEvent.swift */ = {isa = PBXFileReference; lastKnownFileType = sourcecode.swift; path = "Visual Timer/SessionEvent.swift"; sourceTree = "<group>"; };
		EE00020A0000000000000001 /* SharedAppGroup.swift */ = {isa = PBXFileReference; lastKnownFileType = sourcecode.swift; path = "Visual Timer/SharedAppGroup.swift"; sourceTree = "<group>"; };
		EE00020B0000000000000001 /* WatchTemplateStore.swift */ = {isa = PBXFileReference; lastKnownFileType = sourcecode.swift; path = "Visual Timer/WatchTemplateStore.swift"; sourceTree = "<group>"; };
		EE00020C0000000000000001 /* HistoryDocument.swift */ = {isa = PBXFileReference; lastKnownFileType = sourcecode.swift; path = "Visual Timer/HistoryDocument.swift"; sourceTree = "<group>"; };
		EE00020D0000000000000001 /* TemplateImportExport.swift */ = {isa = PBXFileReference; lastKnownFileType = sourcecode.swift; path = "Visual Timer/TemplateImportExport.swift"; sourceTree = "<group>"; };
		EE00020E0000000000000001 /* TemplateDocument.swift */ = {isa = PBXFileReference; lastKnownFileType = sourcecode.swift; path = "Visual Timer/TemplateDocument.swift"; sourceTree = "<group>"; };
/* End PBXFileReference section */

/* Begin PBXFileSystemSynchronizedBuildFileExceptionSet section */
		DD4404010000000000000001 /* Exceptions for "Visual Timer" folder in "Visual Timer" target */ = {
			isa = PBXFileSystemSynchronizedBuildFileExceptionSet;
			membershipExceptions = (
				Info.plist,
				"Visual Timer.entitlements",
			);
			target = CC56F6C02FBA1C2200918D5A /* Visual Timer */;
		};
		DD4404020000000000000001 /* Exceptions for "TurnTimerWidgets" folder in "TurnTimerWidgets" target */ = {
			isa = PBXFileSystemSynchronizedBuildFileExceptionSet;
			membershipExceptions = (
				Info.plist,
				TurnTimerWidgets.entitlements,
			);
			target = DD4403070000000000000001 /* TurnTimerWidgets */;
		};
		EE0004010000000000000001 /* Exceptions for "Visual Timer Watch Watch App" folder in "Visual Timer Watch Watch App" target */ = {
			isa = PBXFileSystemSynchronizedBuildFileExceptionSet;
			membershipExceptions = (
				"Visual Timer Watch Watch App.entitlements",
			);
			target = CC56FE2A2FBA5ABC00918D5A /* Visual Timer Watch Watch App */;
		};
/* End PBXFileSystemSynchronizedBuildFileExceptionSet section */

/* Begin PBXFileSystemSynchronizedRootGroup section */
		CC56F6C32FBA1C2200918D5A /* Visual Timer */ = {
			isa = PBXFileSystemSynchronizedRootGroup;
			exceptions = (
				DD4404010000000000000001 /* Exceptions for "Visual Timer" folder in "Visual Timer" target */,
			);
			path = "Visual Timer";
			sourceTree = "<group>";
		};
		DD4403030000000000000001 /* TurnTimerWidgets */ = {
			isa = PBXFileSystemSynchronizedRootGroup;
			exceptions = (
				DD4404020000000000000001 /* Exceptions for "TurnTimerWidgets" folder in "TurnTimerWidgets" target */,
			);
			path = TurnTimerWidgets;
			sourceTree = "<group>";
		};
		CC56F6D12FBA1C2400918D5A /* Visual TimerTests */ = {
			isa = PBXFileSystemSynchronizedRootGroup;
			path = "Visual TimerTests";
			sourceTree = "<group>";
		};
		CC56F6DB2FBA1C2400918D5A /* Visual TimerUITests */ = {
			isa = PBXFileSystemSynchronizedRootGroup;
			path = "Visual TimerUITests";
			sourceTree = "<group>";
		};
		CC56FDFA2FBA5A7000918D5A /* Visual Timer Watch Watch App */ = {
			isa = PBXFileSystemSynchronizedRootGroup;
			path = "Visual Timer Watch Watch App";
			sourceTree = "<group>";
		};
		CC56FE082FBA5A7200918D5A /* Visual Timer Watch Watch AppTests */ = {
			isa = PBXFileSystemSynchronizedRootGroup;
			path = "Visual Timer Watch Watch AppTests";
			sourceTree = "<group>";
		};
		CC56FE122FBA5A7200918D5A /* Visual Timer Watch Watch AppUITests */ = {
			isa = PBXFileSystemSynchronizedRootGroup;
			path = "Visual Timer Watch Watch AppUITests";
			sourceTree = "<group>";
		};
		CC56FE2F2FBA5ABC00918D5A /* Visual Timer Watch Watch App */ = {
			isa = PBXFileSystemSynchronizedRootGroup;
			exceptions = (
				EE0004010000000000000001 /* Exceptions for "Visual Timer Watch Watch App" folder in "Visual Timer Watch Watch App" target */,
			);
			path = "Visual Timer Watch Watch App";
			sourceTree = "<group>";
		};
		CC56FE3D2FBA5ABE00918D5A /* Visual Timer Watch Watch AppTests */ = {
			isa = PBXFileSystemSynchronizedRootGroup;
			path = "Visual Timer Watch Watch AppTests";
			sourceTree = "<group>";
		};
		CC56FE472FBA5ABE00918D5A /* Visual Timer Watch Watch AppUITests */ = {
			isa = PBXFileSystemSynchronizedRootGroup;
			path = "Visual Timer Watch Watch AppUITests";
			sourceTree = "<group>";
		};
/* End PBXFileSystemSynchronizedRootGroup section */

/* Begin PBXFrameworksBuildPhase section */
		CC56F6BE2FBA1C2200918D5A /* Frameworks */ = {
			isa = PBXFrameworksBuildPhase;
			buildActionMask = 2147483647;
			files = (
			);
			runOnlyForDeploymentPostprocessing = 0;
		};
		CC56F6CB2FBA1C2400918D5A /* Frameworks */ = {
			isa = PBXFrameworksBuildPhase;
			buildActionMask = 2147483647;
			files = (
			);
			runOnlyForDeploymentPostprocessing = 0;
		};
		CC56F6D52FBA1C2400918D5A /* Frameworks */ = {
			isa = PBXFrameworksBuildPhase;
			buildActionMask = 2147483647;
			files = (
			);
			runOnlyForDeploymentPostprocessing = 0;
		};
		CC56FE282FBA5ABC00918D5A /* Frameworks */ = {
			isa = PBXFrameworksBuildPhase;
			buildActionMask = 2147483647;
			files = (
			);
			runOnlyForDeploymentPostprocessing = 0;
		};
		CC56FE372FBA5ABE00918D5A /* Frameworks */ = {
			isa = PBXFrameworksBuildPhase;
			buildActionMask = 2147483647;
			files = (
			);
			runOnlyForDeploymentPostprocessing = 0;
		};
		CC56FE412FBA5ABE00918D5A /* Frameworks */ = {
			isa = PBXFrameworksBuildPhase;
			buildActionMask = 2147483647;
			files = (
			);
			runOnlyForDeploymentPostprocessing = 0;
		};
		DD4403040000000000000001 /* Frameworks */ = {
			isa = PBXFrameworksBuildPhase;
			buildActionMask = 2147483647;
			files = (
			);
			runOnlyForDeploymentPostprocessing = 0;
		};
/* End PBXFrameworksBuildPhase section */

/* Begin PBXGroup section */
		CC56F6B82FBA1C2200918D5A = {
			isa = PBXGroup;
			children = (
				CC56F6C32FBA1C2200918D5A /* Visual Timer */,
				DD4403030000000000000001 /* TurnTimerWidgets */,
				CC56F6D12FBA1C2400918D5A /* Visual TimerTests */,
				CC56F6DB2FBA1C2400918D5A /* Visual TimerUITests */,
				CC56FDFA2FBA5A7000918D5A /* Visual Timer Watch Watch App */,
				CC56FE082FBA5A7200918D5A /* Visual Timer Watch Watch AppTests */,
				CC56FE122FBA5A7200918D5A /* Visual Timer Watch Watch AppUITests */,
				CC56FE2F2FBA5ABC00918D5A /* Visual Timer Watch Watch App */,
				CC56FE3D2FBA5ABE00918D5A /* Visual Timer Watch Watch AppTests */,
				CC56FE472FBA5ABE00918D5A /* Visual Timer Watch Watch AppUITests */,
				CC56F6C22FBA1C2200918D5A /* Products */,
			);
			sourceTree = "<group>";
		};
		CC56F6C22FBA1C2200918D5A /* Products */ = {
			isa = PBXGroup;
			children = (
				CC56F6C12FBA1C2200918D5A /* Visual Timer.app */,
				CC56F6CE2FBA1C2400918D5A /* Visual TimerTests.xctest */,
				CC56F6D82FBA1C2400918D5A /* Visual TimerUITests.xctest */,
				CC56FE262FBA5ABC00918D5A /* Visual Timer Watch.app */,
				CC56FE2B2FBA5ABC00918D5A /* Visual Timer Watch Watch App.app */,
				CC56FE3A2FBA5ABE00918D5A /* Visual Timer Watch Watch AppTests.xctest */,
				CC56FE442FBA5ABE00918D5A /* Visual Timer Watch Watch AppUITests.xctest */,
				DD4402010000000000000001 /* TurnTimerWidgets.appex */,
			);
			name = Products;
			sourceTree = "<group>";
		};
/* End PBXGroup section */

/* Begin PBXNativeTarget section */
		CC56F6C02FBA1C2200918D5A /* Visual Timer */ = {
			isa = PBXNativeTarget;
			buildConfigurationList = CC56F6E22FBA1C2400918D5A /* Build configuration list for PBXNativeTarget "Visual Timer" */;
			buildPhases = (
				CC56F6BD2FBA1C2200918D5A /* Sources */,
				CC56F6BE2FBA1C2200918D5A /* Frameworks */,
				CC56F6BF2FBA1C2200918D5A /* Resources */,
				DD44030B0000000000000001 /* Embed App Extensions */,
				CC56FE1D2FBA5A7200918D5A /* Embed Watch Content */,
			);
			buildRules = (
			);
			dependencies = (
				DD44030D0000000000000001 /* PBXTargetDependency */,
			);
			fileSystemSynchronizedGroups = (
				CC56F6C32FBA1C2200918D5A /* Visual Timer */,
			);
			name = "Visual Timer";
			packageProductDependencies = (
			);
			productName = "Visual Timer";
			productReference = CC56F6C12FBA1C2200918D5A /* Visual Timer.app */;
			productType = "com.apple.product-type.application";
		};
		CC56F6CD2FBA1C2400918D5A /* Visual TimerTests */ = {
			isa = PBXNativeTarget;
			buildConfigurationList = CC56F6E52FBA1C2400918D5A /* Build configuration list for PBXNativeTarget "Visual TimerTests" */;
			buildPhases = (
				CC56F6CA2FBA1C2400918D5A /* Sources */,
				CC56F6CB2FBA1C2400918D5A /* Frameworks */,
				CC56F6CC2FBA1C2400918D5A /* Resources */,
			);
			buildRules = (
			);
			dependencies = (
				CC56F6D02FBA1C2400918D5A /* PBXTargetDependency */,
			);
			fileSystemSynchronizedGroups = (
				CC56F6D12FBA1C2400918D5A /* Visual TimerTests */,
			);
			name = "Visual TimerTests";
			packageProductDependencies = (
			);
			productName = "Visual TimerTests";
			productReference = CC56F6CE2FBA1C2400918D5A /* Visual TimerTests.xctest */;
			productType = "com.apple.product-type.bundle.unit-test";
		};
		CC56F6D72FBA1C2400918D5A /* Visual TimerUITests */ = {
			isa = PBXNativeTarget;
			buildConfigurationList = CC56F6E82FBA1C2400918D5A /* Build configuration list for PBXNativeTarget "Visual TimerUITests" */;
			buildPhases = (
				CC56F6D42FBA1C2400918D5A /* Sources */,
				CC56F6D52FBA1C2400918D5A /* Frameworks */,
				CC56F6D62FBA1C2400918D5A /* Resources */,
			);
			buildRules = (
			);
			dependencies = (
				CC56F6DA2FBA1C2400918D5A /* PBXTargetDependency */,
			);
			fileSystemSynchronizedGroups = (
				CC56F6DB2FBA1C2400918D5A /* Visual TimerUITests */,
			);
			name = "Visual TimerUITests";
			packageProductDependencies = (
			);
			productName = "Visual TimerUITests";
			productReference = CC56F6D82FBA1C2400918D5A /* Visual TimerUITests.xctest */;
			productType = "com.apple.product-type.bundle.ui-testing";
		};
		CC56FE252FBA5ABC00918D5A /* Visual Timer Watch */ = {
			isa = PBXNativeTarget;
			buildConfigurationList = CC56FE502FBA5ABE00918D5A /* Build configuration list for PBXNativeTarget "Visual Timer Watch" */;
			buildPhases = (
				CC56FE242FBA5ABC00918D5A /* Resources */,
				CC56FE4F2FBA5ABE00918D5A /* Embed Watch Content */,
			);
			buildRules = (
			);
			dependencies = (
				CC56FE2E2FBA5ABC00918D5A /* PBXTargetDependency */,
			);
			name = "Visual Timer Watch";
			packageProductDependencies = (
			);
			productName = "Visual Timer Watch";
			productReference = CC56FE262FBA5ABC00918D5A /* Visual Timer Watch.app */;
			productType = "com.apple.product-type.application.watchapp2-container";
		};
		CC56FE2A2FBA5ABC00918D5A /* Visual Timer Watch Watch App */ = {
			isa = PBXNativeTarget;
			buildConfigurationList = CC56FE4C2FBA5ABE00918D5A /* Build configuration list for PBXNativeTarget "Visual Timer Watch Watch App" */;
			buildPhases = (
				CC56FE272FBA5ABC00918D5A /* Sources */,
				CC56FE282FBA5ABC00918D5A /* Frameworks */,
				CC56FE292FBA5ABC00918D5A /* Resources */,
			);
			buildRules = (
			);
			dependencies = (
			);
			fileSystemSynchronizedGroups = (
				CC56FE2F2FBA5ABC00918D5A /* Visual Timer Watch Watch App */,
			);
			name = "Visual Timer Watch Watch App";
			packageProductDependencies = (
			);
			productName = "Visual Timer Watch Watch App";
			productReference = CC56FE2B2FBA5ABC00918D5A /* Visual Timer Watch Watch App.app */;
			productType = "com.apple.product-type.application";
		};
		CC56FE392FBA5ABE00918D5A /* Visual Timer Watch Watch AppTests */ = {
			isa = PBXNativeTarget;
			buildConfigurationList = CC56FE532FBA5ABE00918D5A /* Build configuration list for PBXNativeTarget "Visual Timer Watch Watch AppTests" */;
			buildPhases = (
				CC56FE362FBA5ABE00918D5A /* Sources */,
				CC56FE372FBA5ABE00918D5A /* Frameworks */,
				CC56FE382FBA5ABE00918D5A /* Resources */,
			);
			buildRules = (
			);
			dependencies = (
				CC56FE3C2FBA5ABE00918D5A /* PBXTargetDependency */,
			);
			fileSystemSynchronizedGroups = (
				CC56FE3D2FBA5ABE00918D5A /* Visual Timer Watch Watch AppTests */,
			);
			name = "Visual Timer Watch Watch AppTests";
			packageProductDependencies = (
			);
			productName = "Visual Timer Watch Watch AppTests";
			productReference = CC56FE3A2FBA5ABE00918D5A /* Visual Timer Watch Watch AppTests.xctest */;
			productType = "com.apple.product-type.bundle.unit-test";
		};
		CC56FE432FBA5ABE00918D5A /* Visual Timer Watch Watch AppUITests */ = {
			isa = PBXNativeTarget;
			buildConfigurationList = CC56FE562FBA5ABE00918D5A /* Build configuration list for PBXNativeTarget "Visual Timer Watch Watch AppUITests" */;
			buildPhases = (
				CC56FE402FBA5ABE00918D5A /* Sources */,
				CC56FE412FBA5ABE00918D5A /* Frameworks */,
				CC56FE422FBA5ABE00918D5A /* Resources */,
			);
			buildRules = (
			);
			dependencies = (
				CC56FE462FBA5ABE00918D5A /* PBXTargetDependency */,
			);
			fileSystemSynchronizedGroups = (
				CC56FE472FBA5ABE00918D5A /* Visual Timer Watch Watch AppUITests */,
			);
			name = "Visual Timer Watch Watch AppUITests";
			packageProductDependencies = (
			);
			productName = "Visual Timer Watch Watch AppUITests";
			productReference = CC56FE442FBA5ABE00918D5A /* Visual Timer Watch Watch AppUITests.xctest */;
			productType = "com.apple.product-type.bundle.ui-testing";
		};
		DD4403070000000000000001 /* TurnTimerWidgets */ = {
			isa = PBXNativeTarget;
			buildConfigurationList = DD44030A0000000000000001 /* Build configuration list for PBXNativeTarget "TurnTimerWidgets" */;
			buildPhases = (
				DD4403060000000000000001 /* Sources */,
				DD4403040000000000000001 /* Frameworks */,
				DD4403050000000000000001 /* Resources */,
			);
			buildRules = (
			);
			dependencies = (
			);
			fileSystemSynchronizedGroups = (
				DD4403030000000000000001 /* TurnTimerWidgets */,
			);
			name = TurnTimerWidgets;
			packageProductDependencies = (
			);
			productName = TurnTimerWidgets;
			productReference = DD4402010000000000000001 /* TurnTimerWidgets.appex */;
			productType = "com.apple.product-type.app-extension";
		};
/* End PBXNativeTarget section */

/* Begin PBXProject section */
		CC56F6B92FBA1C2200918D5A /* Project object */ = {
			isa = PBXProject;
			attributes = {
				BuildIndependentTargetsInParallel = 1;
				LastSwiftUpdateCheck = 2650;
				LastUpgradeCheck = 2650;
				TargetAttributes = {
					CC56F6C02FBA1C2200918D5A = {
						CreatedOnToolsVersion = 26.5;
					};
					CC56F6CD2FBA1C2400918D5A = {
						CreatedOnToolsVersion = 26.5;
						TestTargetID = CC56F6C02FBA1C2200918D5A;
					};
					CC56F6D72FBA1C2400918D5A = {
						CreatedOnToolsVersion = 26.5;
						TestTargetID = CC56F6C02FBA1C2200918D5A;
					};
					CC56FE252FBA5ABC00918D5A = {
						CreatedOnToolsVersion = 26.5;
					};
					CC56FE2A2FBA5ABC00918D5A = {
						CreatedOnToolsVersion = 26.5;
					};
					CC56FE392FBA5ABE00918D5A = {
						CreatedOnToolsVersion = 26.5;
						TestTargetID = CC56FE2A2FBA5ABC00918D5A;
					};
					CC56FE432FBA5ABE00918D5A = {
						CreatedOnToolsVersion = 26.5;
						TestTargetID = CC56FE2A2FBA5ABC00918D5A;
					};
					DD4403070000000000000001 = {
						CreatedOnToolsVersion = 26.6;
					};
				};
			};
			buildConfigurationList = CC56F6BC2FBA1C2200918D5A /* Build configuration list for PBXProject "Visual Timer" */;
			developmentRegion = en;
			hasScannedForEncodings = 0;
			knownRegions = (
				en,
				Base,
			);
			mainGroup = CC56F6B82FBA1C2200918D5A;
			minimizedProjectReferenceProxies = 1;
			preferredProjectObjectVersion = 77;
			productRefGroup = CC56F6C22FBA1C2200918D5A /* Products */;
			projectDirPath = "";
			projectRoot = "";
			targets = (
				CC56F6C02FBA1C2200918D5A /* Visual Timer */,
				CC56F6CD2FBA1C2400918D5A /* Visual TimerTests */,
				CC56F6D72FBA1C2400918D5A /* Visual TimerUITests */,
				CC56FE252FBA5ABC00918D5A /* Visual Timer Watch */,
				CC56FE2A2FBA5ABC00918D5A /* Visual Timer Watch Watch App */,
				CC56FE392FBA5ABE00918D5A /* Visual Timer Watch Watch AppTests */,
				CC56FE432FBA5ABE00918D5A /* Visual Timer Watch Watch AppUITests */,
				DD4403070000000000000001 /* TurnTimerWidgets */,
			);
		};
/* End PBXProject section */

/* Begin PBXResourcesBuildPhase section */
		CC56F6BF2FBA1C2200918D5A /* Resources */ = {
			isa = PBXResourcesBuildPhase;
			buildActionMask = 2147483647;
			files = (
			);
			runOnlyForDeploymentPostprocessing = 0;
		};
		CC56F6CC2FBA1C2400918D5A /* Resources */ = {
			isa = PBXResourcesBuildPhase;
			buildActionMask = 2147483647;
			files = (
			);
			runOnlyForDeploymentPostprocessing = 0;
		};
		CC56F6D62FBA1C2400918D5A /* Resources */ = {
			isa = PBXResourcesBuildPhase;
			buildActionMask = 2147483647;
			files = (
			);
			runOnlyForDeploymentPostprocessing = 0;
		};
		CC56FE242FBA5ABC00918D5A /* Resources */ = {
			isa = PBXResourcesBuildPhase;
			buildActionMask = 2147483647;
			files = (
			);
			runOnlyForDeploymentPostprocessing = 0;
		};
		CC56FE292FBA5ABC00918D5A /* Resources */ = {
			isa = PBXResourcesBuildPhase;
			buildActionMask = 2147483647;
			files = (
			);
			runOnlyForDeploymentPostprocessing = 0;
		};
		CC56FE382FBA5ABE00918D5A /* Resources */ = {
			isa = PBXResourcesBuildPhase;
			buildActionMask = 2147483647;
			files = (
			);
			runOnlyForDeploymentPostprocessing = 0;
		};
		CC56FE422FBA5ABE00918D5A /* Resources */ = {
			isa = PBXResourcesBuildPhase;
			buildActionMask = 2147483647;
			files = (
			);
			runOnlyForDeploymentPostprocessing = 0;
		};
		DD4403050000000000000001 /* Resources */ = {
			isa = PBXResourcesBuildPhase;
			buildActionMask = 2147483647;
			files = (
			);
			runOnlyForDeploymentPostprocessing = 0;
		};
/* End PBXResourcesBuildPhase section */

/* Begin PBXSourcesBuildPhase section */
		CC56F6BD2FBA1C2200918D5A /* Sources */ = {
			isa = PBXSourcesBuildPhase;
			buildActionMask = 2147483647;
			files = (
			);
			runOnlyForDeploymentPostprocessing = 0;
		};
		CC56F6CA2FBA1C2400918D5A /* Sources */ = {
			isa = PBXSourcesBuildPhase;
			buildActionMask = 2147483647;
			files = (
			);
			runOnlyForDeploymentPostprocessing = 0;
		};
		CC56F6D42FBA1C2400918D5A /* Sources */ = {
			isa = PBXSourcesBuildPhase;
			buildActionMask = 2147483647;
			files = (
			);
			runOnlyForDeploymentPostprocessing = 0;
		};
		CC56FE272FBA5ABC00918D5A /* Sources */ = {
			isa = PBXSourcesBuildPhase;
			buildActionMask = 2147483647;
			files = (
				EE0001010000000000000001 /* TimerViewModel.swift in Sources */,
				EE00010F0000000000000001 /* TimerVisualProgress.swift in Sources */,
				EE0001020000000000000001 /* Theme.swift in Sources */,
				EE0001030000000000000001 /* Round.swift in Sources */,
				EE0001040000000000000001 /* GameViewModel.swift in Sources */,
				EE0001050000000000000001 /* StarterTemplateLibrary.swift in Sources */,
				EE0001060000000000000001 /* SoundManager.swift in Sources */,
				EE0001070000000000000001 /* UbiquitousSettingsStore.swift in Sources */,
				EE0001080000000000000001 /* GameRecord.swift in Sources */,
				EE0001090000000000000001 /* SessionEvent.swift in Sources */,
				EE00010A0000000000000001 /* SharedAppGroup.swift in Sources */,
				EE00010B0000000000000001 /* WatchTemplateStore.swift in Sources */,
				EE00010C0000000000000001 /* HistoryDocument.swift in Sources */,
				EE00010D0000000000000001 /* TemplateImportExport.swift in Sources */,
				EE00010E0000000000000001 /* TemplateDocument.swift in Sources */,
			);
			runOnlyForDeploymentPostprocessing = 0;
		};
		CC56FE362FBA5ABE00918D5A /* Sources */ = {
			isa = PBXSourcesBuildPhase;
			buildActionMask = 2147483647;
			files = (
			);
			runOnlyForDeploymentPostprocessing = 0;
		};
		CC56FE402FBA5ABE00918D5A /* Sources */ = {
			isa = PBXSourcesBuildPhase;
			buildActionMask = 2147483647;
			files = (
			);
			runOnlyForDeploymentPostprocessing = 0;
		};
		DD4403060000000000000001 /* Sources */ = {
			isa = PBXSourcesBuildPhase;
			buildActionMask = 2147483647;
			files = (
				DD4401020000000000000001 /* SharedAppGroup.swift in Sources */,
				DD4401030000000000000001 /* WidgetSnapshot.swift in Sources */,
				DD4401040000000000000001 /* WidgetSnapshotStore.swift in Sources */,
				DD4401050000000000000001 /* TurnTimerDeepLink.swift in Sources */,
				DD4401060000000000000001 /* StarterTemplateLibrary.swift in Sources */,
				DD4401070000000000000001 /* TemplateDocument.swift in Sources */,
				DD4401080000000000000001 /* Round.swift in Sources */,
				DD4401090000000000000001 /* Theme.swift in Sources */,
				DD44010A0000000000000001 /* SoundManager.swift in Sources */,
				DD44010B0000000000000001 /* UbiquitousSettingsStore.swift in Sources */,
			);
			runOnlyForDeploymentPostprocessing = 0;
		};
/* End PBXSourcesBuildPhase section */

/* Begin PBXTargetDependency section */
		CC56F6D02FBA1C2400918D5A /* PBXTargetDependency */ = {
			isa = PBXTargetDependency;
			target = CC56F6C02FBA1C2200918D5A /* Visual Timer */;
			targetProxy = CC56F6CF2FBA1C2400918D5A /* PBXContainerItemProxy */;
		};
		CC56F6DA2FBA1C2400918D5A /* PBXTargetDependency */ = {
			isa = PBXTargetDependency;
			target = CC56F6C02FBA1C2200918D5A /* Visual Timer */;
			targetProxy = CC56F6D92FBA1C2400918D5A /* PBXContainerItemProxy */;
		};
		CC56FE2E2FBA5ABC00918D5A /* PBXTargetDependency */ = {
			isa = PBXTargetDependency;
			target = CC56FE2A2FBA5ABC00918D5A /* Visual Timer Watch Watch App */;
			targetProxy = CC56FE2D2FBA5ABC00918D5A /* PBXContainerItemProxy */;
		};
		CC56FE3C2FBA5ABE00918D5A /* PBXTargetDependency */ = {
			isa = PBXTargetDependency;
			target = CC56FE2A2FBA5ABC00918D5A /* Visual Timer Watch Watch App */;
			targetProxy = CC56FE3B2FBA5ABE00918D5A /* PBXContainerItemProxy */;
		};
		CC56FE462FBA5ABE00918D5A /* PBXTargetDependency */ = {
			isa = PBXTargetDependency;
			target = CC56FE2A2FBA5ABC00918D5A /* Visual Timer Watch Watch App */;
			targetProxy = CC56FE452FBA5ABE00918D5A /* PBXContainerItemProxy */;
		};
		DD44030D0000000000000001 /* PBXTargetDependency */ = {
			isa = PBXTargetDependency;
			target = DD4403070000000000000001 /* TurnTimerWidgets */;
			targetProxy = DD44030C0000000000000001 /* PBXContainerItemProxy */;
		};
/* End PBXTargetDependency section */

/* Begin XCBuildConfiguration section */
		CC56F6E02FBA1C2400918D5A /* Debug */ = {
			isa = XCBuildConfiguration;
			buildSettings = {
				ALWAYS_SEARCH_USER_PATHS = NO;
				ASSETCATALOG_COMPILER_GENERATE_SWIFT_ASSET_SYMBOL_EXTENSIONS = YES;
				CLANG_ANALYZER_NONNULL = YES;
				CLANG_ANALYZER_NUMBER_OBJECT_CONVERSION = YES_AGGRESSIVE;
				CLANG_CXX_LANGUAGE_STANDARD = "gnu++20";
				CLANG_ENABLE_MODULES = YES;
				CLANG_ENABLE_OBJC_ARC = YES;
				CLANG_ENABLE_OBJC_WEAK = YES;
				CLANG_WARN_BLOCK_CAPTURE_AUTORELEASING = YES;
				CLANG_WARN_BOOL_CONVERSION = YES;
				CLANG_WARN_COMMA = YES;
				CLANG_WARN_CONSTANT_CONVERSION = YES;
				CLANG_WARN_DEPRECATED_OBJC_IMPLEMENTATIONS = YES;
				CLANG_WARN_DIRECT_OBJC_ISA_USAGE = YES_ERROR;
				CLANG_WARN_DOCUMENTATION_COMMENTS = YES;
				CLANG_WARN_EMPTY_BODY = YES;
				CLANG_WARN_ENUM_CONVERSION = YES;
				CLANG_WARN_INFINITE_RECURSION = YES;
				CLANG_WARN_INT_CONVERSION = YES;
				CLANG_WARN_NON_LITERAL_NULL_CONVERSION = YES;
				CLANG_WARN_OBJC_IMPLICIT_RETAIN_SELF = YES;
				CLANG_WARN_OBJC_LITERAL_CONVERSION = YES;
				CLANG_WARN_OBJC_ROOT_CLASS = YES_ERROR;
				CLANG_WARN_QUOTED_INCLUDE_IN_FRAMEWORK_HEADER = YES;
				CLANG_WARN_RANGE_LOOP_ANALYSIS = YES;
				CLANG_WARN_STRICT_PROTOTYPES = YES;
				CLANG_WARN_SUSPICIOUS_MOVE = YES;
				CLANG_WARN_UNGUARDED_AVAILABILITY = YES_AGGRESSIVE;
				CLANG_WARN_UNREACHABLE_CODE = YES;
				CLANG_WARN__DUPLICATE_METHOD_MATCH = YES;
				COPY_PHASE_STRIP = NO;
				DEBUG_INFORMATION_FORMAT = dwarf;
				DEVELOPMENT_TEAM = 8AXNA5B37R;
				ENABLE_STRICT_OBJC_MSGSEND = YES;
				ENABLE_TESTABILITY = YES;
				ENABLE_USER_SCRIPT_SANDBOXING = YES;
				GCC_C_LANGUAGE_STANDARD = gnu17;
				GCC_DYNAMIC_NO_PIC = NO;
				GCC_NO_COMMON_BLOCKS = YES;
				GCC_OPTIMIZATION_LEVEL = 0;
				GCC_PREPROCESSOR_DEFINITIONS = (
					"DEBUG=1",
					"$(inherited)",
				);
				GCC_WARN_64_TO_32_BIT_CONVERSION = YES;
				GCC_WARN_ABOUT_RETURN_TYPE = YES_ERROR;
				GCC_WARN_UNDECLARED_SELECTOR = YES;
				GCC_WARN_UNINITIALIZED_AUTOS = YES_AGGRESSIVE;
				GCC_WARN_UNUSED_FUNCTION = YES;
				GCC_WARN_UNUSED_VARIABLE = YES;
				IPHONEOS_DEPLOYMENT_TARGET = 18.0;
				LOCALIZATION_PREFERS_STRING_CATALOGS = YES;
				MTL_ENABLE_DEBUG_INFO = INCLUDE_SOURCE;
				MTL_FAST_MATH = YES;
				ONLY_ACTIVE_ARCH = YES;
				SDKROOT = iphoneos;
				SWIFT_ACTIVE_COMPILATION_CONDITIONS = "DEBUG $(inherited)";
				SWIFT_OPTIMIZATION_LEVEL = "-Onone";
			};
			name = Debug;
		};
		CC56F6E12FBA1C2400918D5A /* Release */ = {
			isa = XCBuildConfiguration;
			buildSettings = {
				ALWAYS_SEARCH_USER_PATHS = NO;
				ASSETCATALOG_COMPILER_GENERATE_SWIFT_ASSET_SYMBOL_EXTENSIONS = YES;
				CLANG_ANALYZER_NONNULL = YES;
				CLANG_ANALYZER_NUMBER_OBJECT_CONVERSION = YES_AGGRESSIVE;
				CLANG_CXX_LANGUAGE_STANDARD = "gnu++20";
				CLANG_ENABLE_MODULES = YES;
				CLANG_ENABLE_OBJC_ARC = YES;
				CLANG_ENABLE_OBJC_WEAK = YES;
				CLANG_WARN_BLOCK_CAPTURE_AUTORELEASING = YES;
				CLANG_WARN_BOOL_CONVERSION = YES;
				CLANG_WARN_COMMA = YES;
				CLANG_WARN_CONSTANT_CONVERSION = YES;
				CLANG_WARN_DEPRECATED_OBJC_IMPLEMENTATIONS = YES;
				CLANG_WARN_DIRECT_OBJC_ISA_USAGE = YES_ERROR;
				CLANG_WARN_DOCUMENTATION_COMMENTS = YES;
				CLANG_WARN_EMPTY_BODY = YES;
				CLANG_WARN_ENUM_CONVERSION = YES;
				CLANG_WARN_INFINITE_RECURSION = YES;
				CLANG_WARN_INT_CONVERSION = YES;
				CLANG_WARN_NON_LITERAL_NULL_CONVERSION = YES;
				CLANG_WARN_OBJC_IMPLICIT_RETAIN_SELF = YES;
				CLANG_WARN_OBJC_LITERAL_CONVERSION = YES;
				CLANG_WARN_OBJC_ROOT_CLASS = YES_ERROR;
				CLANG_WARN_QUOTED_INCLUDE_IN_FRAMEWORK_HEADER = YES;
				CLANG_WARN_RANGE_LOOP_ANALYSIS = YES;
				CLANG_WARN_STRICT_PROTOTYPES = YES;
				CLANG_WARN_SUSPICIOUS_MOVE = YES;
				CLANG_WARN_UNGUARDED_AVAILABILITY = YES_AGGRESSIVE;
				CLANG_WARN_UNREACHABLE_CODE = YES;
				CLANG_WARN__DUPLICATE_METHOD_MATCH = YES;
				COPY_PHASE_STRIP = NO;
				DEBUG_INFORMATION_FORMAT = "dwarf-with-dsym";
				DEVELOPMENT_TEAM = 8AXNA5B37R;
				ENABLE_NS_ASSERTIONS = NO;
				ENABLE_STRICT_OBJC_MSGSEND = YES;
				ENABLE_USER_SCRIPT_SANDBOXING = YES;
				GCC_C_LANGUAGE_STANDARD = gnu17;
				GCC_NO_COMMON_BLOCKS = YES;
				GCC_WARN_64_TO_32_BIT_CONVERSION = YES;
				GCC_WARN_ABOUT_RETURN_TYPE = YES_ERROR;
				GCC_WARN_UNDECLARED_SELECTOR = YES;
				GCC_WARN_UNINITIALIZED_AUTOS = YES_AGGRESSIVE;
				GCC_WARN_UNUSED_FUNCTION = YES;
				GCC_WARN_UNUSED_VARIABLE = YES;
				IPHONEOS_DEPLOYMENT_TARGET = 18.0;
				LOCALIZATION_PREFERS_STRING_CATALOGS = YES;
				MTL_ENABLE_DEBUG_INFO = NO;
				MTL_FAST_MATH = YES;
				SDKROOT = iphoneos;
				SWIFT_COMPILATION_MODE = wholemodule;
				VALIDATE_PRODUCT = YES;
			};
			name = Release;
		};
		CC56F6E32FBA1C2400918D5A /* Debug */ = {
			isa = XCBuildConfiguration;
			buildSettings = {
				ASSETCATALOG_COMPILER_APPICON_NAME = AppIcon;
				ASSETCATALOG_COMPILER_GLOBAL_ACCENT_COLOR_NAME = AccentColor;
				CODE_SIGN_ENTITLEMENTS = "Visual Timer/Visual Timer.entitlements";
				CODE_SIGN_STYLE = Automatic;
				CURRENT_PROJECT_VERSION = 1;
				DEVELOPMENT_TEAM = 8AXNA5B37R;
				ENABLE_PREVIEWS = YES;
				GENERATE_INFOPLIST_FILE = NO;
				INFOPLIST_FILE = "Visual Timer/Info.plist";
				LD_RUNPATH_SEARCH_PATHS = (
					"$(inherited)",
					"@executable_path/Frameworks",
				);
				MARKETING_VERSION = 1.0;
				PRODUCT_BUNDLE_IDENTIFIER = "Dan.Visual-Timer";
				PRODUCT_NAME = "$(TARGET_NAME)";
				STRING_CATALOG_GENERATE_SYMBOLS = YES;
				SWIFT_APPROACHABLE_CONCURRENCY = YES;
				SWIFT_DEFAULT_ACTOR_ISOLATION = MainActor;
				SWIFT_EMIT_LOC_STRINGS = YES;
				SWIFT_UPCOMING_FEATURE_MEMBER_IMPORT_VISIBILITY = YES;
				SWIFT_VERSION = 5.0;
				TARGETED_DEVICE_FAMILY = "1,2";
			};
			name = Debug;
		};
		CC56F6E42FBA1C2400918D5A /* Release */ = {
			isa = XCBuildConfiguration;
			buildSettings = {
				ASSETCATALOG_COMPILER_APPICON_NAME = AppIcon;
				ASSETCATALOG_COMPILER_GLOBAL_ACCENT_COLOR_NAME = AccentColor;
				CODE_SIGN_ENTITLEMENTS = "Visual Timer/Visual Timer.entitlements";
				CODE_SIGN_STYLE = Automatic;
				CURRENT_PROJECT_VERSION = 1;
				DEVELOPMENT_TEAM = 8AXNA5B37R;
				ENABLE_PREVIEWS = YES;
				GENERATE_INFOPLIST_FILE = NO;
				INFOPLIST_FILE = "Visual Timer/Info.plist";
				LD_RUNPATH_SEARCH_PATHS = (
					"$(inherited)",
					"@executable_path/Frameworks",
				);
				MARKETING_VERSION = 1.0;
				PRODUCT_BUNDLE_IDENTIFIER = "Dan.Visual-Timer";
				PRODUCT_NAME = "$(TARGET_NAME)";
				STRING_CATALOG_GENERATE_SYMBOLS = YES;
				SWIFT_APPROACHABLE_CONCURRENCY = YES;
				SWIFT_DEFAULT_ACTOR_ISOLATION = MainActor;
				SWIFT_EMIT_LOC_STRINGS = YES;
				SWIFT_UPCOMING_FEATURE_MEMBER_IMPORT_VISIBILITY = YES;
				SWIFT_VERSION = 5.0;
				TARGETED_DEVICE_FAMILY = "1,2";
			};
			name = Release;
		};
		CC56F6E62FBA1C2400918D5A /* Debug */ = {
			isa = XCBuildConfiguration;
			buildSettings = {
				BUNDLE_LOADER = "$(TEST_HOST)";
				CODE_SIGN_STYLE = Automatic;
				CURRENT_PROJECT_VERSION = 1;
				DEVELOPMENT_TEAM = 8AXNA5B37R;
				GENERATE_INFOPLIST_FILE = YES;
				IPHONEOS_DEPLOYMENT_TARGET = 18.0;
				MARKETING_VERSION = 1.0;
				PRODUCT_BUNDLE_IDENTIFIER = "Dan.Visual-TimerTests";
				PRODUCT_NAME = "$(TARGET_NAME)";
				STRING_CATALOG_GENERATE_SYMBOLS = NO;
				SWIFT_APPROACHABLE_CONCURRENCY = YES;
				SWIFT_EMIT_LOC_STRINGS = NO;
				SWIFT_UPCOMING_FEATURE_MEMBER_IMPORT_VISIBILITY = YES;
				SWIFT_VERSION = 5.0;
				TARGETED_DEVICE_FAMILY = "1,2";
				TEST_HOST = "$(BUILT_PRODUCTS_DIR)/Visual Timer.app/$(BUNDLE_EXECUTABLE_FOLDER_PATH)/Visual Timer";
			};
			name = Debug;
		};
		CC56F6E72FBA1C2400918D5A /* Release */ = {
			isa = XCBuildConfiguration;
			buildSettings = {
				BUNDLE_LOADER = "$(TEST_HOST)";
				CODE_SIGN_STYLE = Automatic;
				CURRENT_PROJECT_VERSION = 1;
				DEVELOPMENT_TEAM = 8AXNA5B37R;
				GENERATE_INFOPLIST_FILE = YES;
				IPHONEOS_DEPLOYMENT_TARGET = 18.0;
				MARKETING_VERSION = 1.0;
				PRODUCT_BUNDLE_IDENTIFIER = "Dan.Visual-TimerTests";
				PRODUCT_NAME = "$(TARGET_NAME)";
				STRING_CATALOG_GENERATE_SYMBOLS = NO;
				SWIFT_APPROACHABLE_CONCURRENCY = YES;
				SWIFT_EMIT_LOC_STRINGS = NO;
				SWIFT_UPCOMING_FEATURE_MEMBER_IMPORT_VISIBILITY = YES;
				SWIFT_VERSION = 5.0;
				TARGETED_DEVICE_FAMILY = "1,2";
				TEST_HOST = "$(BUILT_PRODUCTS_DIR)/Visual Timer.app/$(BUNDLE_EXECUTABLE_FOLDER_PATH)/Visual Timer";
			};
			name = Release;
		};
		CC56F6E92FBA1C2400918D5A /* Debug */ = {
			isa = XCBuildConfiguration;
			buildSettings = {
				CODE_SIGN_STYLE = Automatic;
				CURRENT_PROJECT_VERSION = 1;
				DEVELOPMENT_TEAM = 8AXNA5B37R;
				GENERATE_INFOPLIST_FILE = YES;
				MARKETING_VERSION = 1.0;
				PRODUCT_BUNDLE_IDENTIFIER = "Dan.Visual-TimerUITests";
				PRODUCT_NAME = "$(TARGET_NAME)";
				STRING_CATALOG_GENERATE_SYMBOLS = NO;
				SWIFT_APPROACHABLE_CONCURRENCY = YES;
				SWIFT_EMIT_LOC_STRINGS = NO;
				SWIFT_UPCOMING_FEATURE_MEMBER_IMPORT_VISIBILITY = YES;
				SWIFT_VERSION = 5.0;
				TARGETED_DEVICE_FAMILY = "1,2";
				TEST_TARGET_NAME = "Visual Timer";
			};
			name = Debug;
		};
		CC56F6EA2FBA1C2400918D5A /* Release */ = {
			isa = XCBuildConfiguration;
			buildSettings = {
				CODE_SIGN_STYLE = Automatic;
				CURRENT_PROJECT_VERSION = 1;
				DEVELOPMENT_TEAM = 8AXNA5B37R;
				GENERATE_INFOPLIST_FILE = YES;
				MARKETING_VERSION = 1.0;
				PRODUCT_BUNDLE_IDENTIFIER = "Dan.Visual-TimerUITests";
				PRODUCT_NAME = "$(TARGET_NAME)";
				STRING_CATALOG_GENERATE_SYMBOLS = NO;
				SWIFT_APPROACHABLE_CONCURRENCY = YES;
				SWIFT_EMIT_LOC_STRINGS = NO;
				SWIFT_UPCOMING_FEATURE_MEMBER_IMPORT_VISIBILITY = YES;
				SWIFT_VERSION = 5.0;
				TARGETED_DEVICE_FAMILY = "1,2";
				TEST_TARGET_NAME = "Visual Timer";
			};
			name = Release;
		};
		CC56FE4D2FBA5ABE00918D5A /* Debug */ = {
			isa = XCBuildConfiguration;
			buildSettings = {
				ASSETCATALOG_COMPILER_APPICON_NAME = AppIcon;
				ASSETCATALOG_COMPILER_GLOBAL_ACCENT_COLOR_NAME = AccentColor;
				CODE_SIGN_ENTITLEMENTS = "Visual Timer Watch Watch App/Visual Timer Watch Watch App.entitlements";
				CODE_SIGN_STYLE = Automatic;
				CURRENT_PROJECT_VERSION = 1;
				DEVELOPMENT_TEAM = 8AXNA5B37R;
				ENABLE_PREVIEWS = YES;
				GENERATE_INFOPLIST_FILE = YES;
				INFOPLIST_KEY_CFBundleDisplayName = "Turn Timer";
				INFOPLIST_KEY_UISupportedInterfaceOrientations = "UIInterfaceOrientationPortrait UIInterfaceOrientationPortraitUpsideDown";
				INFOPLIST_KEY_WKWatchOnly = YES;
				LD_RUNPATH_SEARCH_PATHS = (
					"$(inherited)",
					"@executable_path/Frameworks",
				);
				MARKETING_VERSION = 1.0;
				PRODUCT_BUNDLE_IDENTIFIER = "Dan.Visual-Timer-Watch.watchkitapp";
				PRODUCT_NAME = "$(TARGET_NAME)";
				SDKROOT = watchos;
				SKIP_INSTALL = YES;
				STRING_CATALOG_GENERATE_SYMBOLS = YES;
				SWIFT_APPROACHABLE_CONCURRENCY = YES;
				SWIFT_DEFAULT_ACTOR_ISOLATION = MainActor;
				SWIFT_EMIT_LOC_STRINGS = YES;
				SWIFT_UPCOMING_FEATURE_MEMBER_IMPORT_VISIBILITY = YES;
				SWIFT_VERSION = 5.0;
				TARGETED_DEVICE_FAMILY = 4;
				WATCHOS_DEPLOYMENT_TARGET = 11.0;
			};
			name = Debug;
		};
		CC56FE4E2FBA5ABE00918D5A /* Release */ = {
			isa = XCBuildConfiguration;
			buildSettings = {
				ASSETCATALOG_COMPILER_APPICON_NAME = AppIcon;
				ASSETCATALOG_COMPILER_GLOBAL_ACCENT_COLOR_NAME = AccentColor;
				CODE_SIGN_ENTITLEMENTS = "Visual Timer Watch Watch App/Visual Timer Watch Watch App.entitlements";
				CODE_SIGN_STYLE = Automatic;
				CURRENT_PROJECT_VERSION = 1;
				DEVELOPMENT_TEAM = 8AXNA5B37R;
				ENABLE_PREVIEWS = YES;
				GENERATE_INFOPLIST_FILE = YES;
				INFOPLIST_KEY_CFBundleDisplayName = "Turn Timer";
				INFOPLIST_KEY_UISupportedInterfaceOrientations = "UIInterfaceOrientationPortrait UIInterfaceOrientationPortraitUpsideDown";
				INFOPLIST_KEY_WKWatchOnly = YES;
				LD_RUNPATH_SEARCH_PATHS = (
					"$(inherited)",
					"@executable_path/Frameworks",
				);
				MARKETING_VERSION = 1.0;
				PRODUCT_BUNDLE_IDENTIFIER = "Dan.Visual-Timer-Watch.watchkitapp";
				PRODUCT_NAME = "$(TARGET_NAME)";
				SDKROOT = watchos;
				SKIP_INSTALL = YES;
				STRING_CATALOG_GENERATE_SYMBOLS = YES;
				SWIFT_APPROACHABLE_CONCURRENCY = YES;
				SWIFT_DEFAULT_ACTOR_ISOLATION = MainActor;
				SWIFT_EMIT_LOC_STRINGS = YES;
				SWIFT_UPCOMING_FEATURE_MEMBER_IMPORT_VISIBILITY = YES;
				SWIFT_VERSION = 5.0;
				TARGETED_DEVICE_FAMILY = 4;
				WATCHOS_DEPLOYMENT_TARGET = 11.0;
			};
			name = Release;
		};
		CC56FE512FBA5ABE00918D5A /* Debug */ = {
			isa = XCBuildConfiguration;
			buildSettings = {
				CODE_SIGN_STYLE = Automatic;
				CURRENT_PROJECT_VERSION = 1;
				DEVELOPMENT_TEAM = 8AXNA5B37R;
				INFOPLIST_KEY_CFBundleDisplayName = "Turn Timer";
				MARKETING_VERSION = 1.0;
				PRODUCT_BUNDLE_IDENTIFIER = "Dan.Visual-Timer-Watch";
				PRODUCT_NAME = "$(TARGET_NAME)";
				SWIFT_APPROACHABLE_CONCURRENCY = YES;
				SWIFT_UPCOMING_FEATURE_MEMBER_IMPORT_VISIBILITY = YES;
				SWIFT_VERSION = 5.0;
			};
			name = Debug;
		};
		CC56FE522FBA5ABE00918D5A /* Release */ = {
			isa = XCBuildConfiguration;
			buildSettings = {
				CODE_SIGN_STYLE = Automatic;
				CURRENT_PROJECT_VERSION = 1;
				DEVELOPMENT_TEAM = 8AXNA5B37R;
				INFOPLIST_KEY_CFBundleDisplayName = "Turn Timer";
				MARKETING_VERSION = 1.0;
				PRODUCT_BUNDLE_IDENTIFIER = "Dan.Visual-Timer-Watch";
				PRODUCT_NAME = "$(TARGET_NAME)";
				SWIFT_APPROACHABLE_CONCURRENCY = YES;
				SWIFT_UPCOMING_FEATURE_MEMBER_IMPORT_VISIBILITY = YES;
				SWIFT_VERSION = 5.0;
			};
			name = Release;
		};
		CC56FE542FBA5ABE00918D5A /* Debug */ = {
			isa = XCBuildConfiguration;
			buildSettings = {
				BUNDLE_LOADER = "$(TEST_HOST)";
				CODE_SIGN_STYLE = Automatic;
				CURRENT_PROJECT_VERSION = 1;
				DEVELOPMENT_TEAM = 8AXNA5B37R;
				GENERATE_INFOPLIST_FILE = YES;
				MARKETING_VERSION = 1.0;
				PRODUCT_BUNDLE_IDENTIFIER = "Dan.Visual-Timer-Watch-Watch-AppTests";
				PRODUCT_NAME = "$(TARGET_NAME)";
				SDKROOT = watchos;
				STRING_CATALOG_GENERATE_SYMBOLS = NO;
				SWIFT_APPROACHABLE_CONCURRENCY = YES;
				SWIFT_EMIT_LOC_STRINGS = NO;
				SWIFT_UPCOMING_FEATURE_MEMBER_IMPORT_VISIBILITY = YES;
				SWIFT_VERSION = 5.0;
				TARGETED_DEVICE_FAMILY = 4;
				TEST_HOST = "$(BUILT_PRODUCTS_DIR)/Visual Timer Watch Watch App.app/$(BUNDLE_EXECUTABLE_FOLDER_PATH)/Visual Timer Watch Watch App";
				WATCHOS_DEPLOYMENT_TARGET = 11.0;
			};
			name = Debug;
		};
		CC56FE552FBA5ABE00918D5A /* Release */ = {
			isa = XCBuildConfiguration;
			buildSettings = {
				BUNDLE_LOADER = "$(TEST_HOST)";
				CODE_SIGN_STYLE = Automatic;
				CURRENT_PROJECT_VERSION = 1;
				DEVELOPMENT_TEAM = 8AXNA5B37R;
				GENERATE_INFOPLIST_FILE = YES;
				MARKETING_VERSION = 1.0;
				PRODUCT_BUNDLE_IDENTIFIER = "Dan.Visual-Timer-Watch-Watch-AppTests";
				PRODUCT_NAME = "$(TARGET_NAME)";
				SDKROOT = watchos;
				STRING_CATALOG_GENERATE_SYMBOLS = NO;
				SWIFT_APPROACHABLE_CONCURRENCY = YES;
				SWIFT_EMIT_LOC_STRINGS = NO;
				SWIFT_UPCOMING_FEATURE_MEMBER_IMPORT_VISIBILITY = YES;
				SWIFT_VERSION = 5.0;
				TARGETED_DEVICE_FAMILY = 4;
				TEST_HOST = "$(BUILT_PRODUCTS_DIR)/Visual Timer Watch Watch App.app/$(BUNDLE_EXECUTABLE_FOLDER_PATH)/Visual Timer Watch Watch App";
				WATCHOS_DEPLOYMENT_TARGET = 11.0;
			};
			name = Release;
		};
		CC56FE572FBA5ABE00918D5A /* Debug */ = {
			isa = XCBuildConfiguration;
			buildSettings = {
				CODE_SIGN_STYLE = Automatic;
				CURRENT_PROJECT_VERSION = 1;
				DEVELOPMENT_TEAM = 8AXNA5B37R;
				GENERATE_INFOPLIST_FILE = YES;
				MARKETING_VERSION = 1.0;
				PRODUCT_BUNDLE_IDENTIFIER = "Dan.Visual-Timer-Watch-Watch-AppUITests";
				PRODUCT_NAME = "$(TARGET_NAME)";
				SDKROOT = watchos;
				STRING_CATALOG_GENERATE_SYMBOLS = NO;
				SWIFT_APPROACHABLE_CONCURRENCY = YES;
				SWIFT_EMIT_LOC_STRINGS = NO;
				SWIFT_UPCOMING_FEATURE_MEMBER_IMPORT_VISIBILITY = YES;
				SWIFT_VERSION = 5.0;
				TARGETED_DEVICE_FAMILY = 4;
				TEST_TARGET_NAME = "Visual Timer Watch Watch App";
				WATCHOS_DEPLOYMENT_TARGET = 11.0;
			};
			name = Debug;
		};
		CC56FE582FBA5ABE00918D5A /* Release */ = {
			isa = XCBuildConfiguration;
			buildSettings = {
				CODE_SIGN_STYLE = Automatic;
				CURRENT_PROJECT_VERSION = 1;
				DEVELOPMENT_TEAM = 8AXNA5B37R;
				GENERATE_INFOPLIST_FILE = YES;
				MARKETING_VERSION = 1.0;
				PRODUCT_BUNDLE_IDENTIFIER = "Dan.Visual-Timer-Watch-Watch-AppUITests";
				PRODUCT_NAME = "$(TARGET_NAME)";
				SDKROOT = watchos;
				STRING_CATALOG_GENERATE_SYMBOLS = NO;
				SWIFT_APPROACHABLE_CONCURRENCY = YES;
				SWIFT_EMIT_LOC_STRINGS = NO;
				SWIFT_UPCOMING_FEATURE_MEMBER_IMPORT_VISIBILITY = YES;
				SWIFT_VERSION = 5.0;
				TARGETED_DEVICE_FAMILY = 4;
				TEST_TARGET_NAME = "Visual Timer Watch Watch App";
				WATCHOS_DEPLOYMENT_TARGET = 11.0;
			};
			name = Release;
		};
		DD4403080000000000000001 /* Debug */ = {
			isa = XCBuildConfiguration;
			buildSettings = {
				APPLICATION_EXTENSION_API_ONLY = YES;
				CODE_SIGN_ENTITLEMENTS = TurnTimerWidgets/TurnTimerWidgets.entitlements;
				CODE_SIGN_STYLE = Automatic;
				CURRENT_PROJECT_VERSION = 1;
				DEVELOPMENT_TEAM = 8AXNA5B37R;
				ENABLE_PREVIEWS = YES;
				GENERATE_INFOPLIST_FILE = NO;
				INFOPLIST_FILE = TurnTimerWidgets/Info.plist;
				IPHONEOS_DEPLOYMENT_TARGET = 18.0;
				LD_RUNPATH_SEARCH_PATHS = (
					"$(inherited)",
					"@executable_path/Frameworks",
					"@executable_path/../../Frameworks",
				);
				MARKETING_VERSION = 1.0;
				PRODUCT_BUNDLE_IDENTIFIER = "Dan.Visual-Timer.TurnTimerWidgets";
				PRODUCT_BUNDLE_PACKAGE_TYPE = "XPC!";
				PRODUCT_NAME = "$(TARGET_NAME)";
				SDKROOT = iphoneos;
				SKIP_INSTALL = YES;
				STRING_CATALOG_GENERATE_SYMBOLS = YES;
				SWIFT_APPROACHABLE_CONCURRENCY = YES;
				SWIFT_DEFAULT_ACTOR_ISOLATION = MainActor;
				SWIFT_EMIT_LOC_STRINGS = YES;
				SWIFT_UPCOMING_FEATURE_MEMBER_IMPORT_VISIBILITY = YES;
				SWIFT_VERSION = 5.0;
				TARGETED_DEVICE_FAMILY = "1,2";
			};
			name = Debug;
		};
		DD4403090000000000000001 /* Release */ = {
			isa = XCBuildConfiguration;
			buildSettings = {
				APPLICATION_EXTENSION_API_ONLY = YES;
				CODE_SIGN_ENTITLEMENTS = TurnTimerWidgets/TurnTimerWidgets.entitlements;
				CODE_SIGN_STYLE = Automatic;
				CURRENT_PROJECT_VERSION = 1;
				DEVELOPMENT_TEAM = 8AXNA5B37R;
				ENABLE_PREVIEWS = YES;
				GENERATE_INFOPLIST_FILE = NO;
				INFOPLIST_FILE = TurnTimerWidgets/Info.plist;
				IPHONEOS_DEPLOYMENT_TARGET = 18.0;
				LD_RUNPATH_SEARCH_PATHS = (
					"$(inherited)",
					"@executable_path/Frameworks",
					"@executable_path/../../Frameworks",
				);
				MARKETING_VERSION = 1.0;
				PRODUCT_BUNDLE_IDENTIFIER = "Dan.Visual-Timer.TurnTimerWidgets";
				PRODUCT_BUNDLE_PACKAGE_TYPE = "XPC!";
				PRODUCT_NAME = "$(TARGET_NAME)";
				SDKROOT = iphoneos;
				SKIP_INSTALL = YES;
				STRING_CATALOG_GENERATE_SYMBOLS = YES;
				SWIFT_APPROACHABLE_CONCURRENCY = YES;
				SWIFT_DEFAULT_ACTOR_ISOLATION = MainActor;
				SWIFT_EMIT_LOC_STRINGS = YES;
				SWIFT_UPCOMING_FEATURE_MEMBER_IMPORT_VISIBILITY = YES;
				SWIFT_VERSION = 5.0;
				TARGETED_DEVICE_FAMILY = "1,2";
			};
			name = Release;
		};
/* End XCBuildConfiguration section */

/* Begin XCConfigurationList section */
		CC56F6BC2FBA1C2200918D5A /* Build configuration list for PBXProject "Visual Timer" */ = {
			isa = XCConfigurationList;
			buildConfigurations = (
				CC56F6E02FBA1C2400918D5A /* Debug */,
				CC56F6E12FBA1C2400918D5A /* Release */,
			);
			defaultConfigurationIsVisible = 0;
			defaultConfigurationName = Release;
		};
		CC56F6E22FBA1C2400918D5A /* Build configuration list for PBXNativeTarget "Visual Timer" */ = {
			isa = XCConfigurationList;
			buildConfigurations = (
				CC56F6E32FBA1C2400918D5A /* Debug */,
				CC56F6E42FBA1C2400918D5A /* Release */,
			);
			defaultConfigurationIsVisible = 0;
			defaultConfigurationName = Release;
		};
		CC56F6E52FBA1C2400918D5A /* Build configuration list for PBXNativeTarget "Visual TimerTests" */ = {
			isa = XCConfigurationList;
			buildConfigurations = (
				CC56F6E62FBA1C2400918D5A /* Debug */,
				CC56F6E72FBA1C2400918D5A /* Release */,
			);
			defaultConfigurationIsVisible = 0;
			defaultConfigurationName = Release;
		};
		CC56F6E82FBA1C2400918D5A /* Build configuration list for PBXNativeTarget "Visual TimerUITests" */ = {
			isa = XCConfigurationList;
			buildConfigurations = (
				CC56F6E92FBA1C2400918D5A /* Debug */,
				CC56F6EA2FBA1C2400918D5A /* Release */,
			);
			defaultConfigurationIsVisible = 0;
			defaultConfigurationName = Release;
		};
		CC56FE4C2FBA5ABE00918D5A /* Build configuration list for PBXNativeTarget "Visual Timer Watch Watch App" */ = {
			isa = XCConfigurationList;
			buildConfigurations = (
				CC56FE4D2FBA5ABE00918D5A /* Debug */,
				CC56FE4E2FBA5ABE00918D5A /* Release */,
			);
			defaultConfigurationIsVisible = 0;
			defaultConfigurationName = Release;
		};
		CC56FE502FBA5ABE00918D5A /* Build configuration list for PBXNativeTarget "Visual Timer Watch" */ = {
			isa = XCConfigurationList;
			buildConfigurations = (
				CC56FE512FBA5ABE00918D5A /* Debug */,
				CC56FE522FBA5ABE00918D5A /* Release */,
			);
			defaultConfigurationIsVisible = 0;
			defaultConfigurationName = Release;
		};
		CC56FE532FBA5ABE00918D5A /* Build configuration list for PBXNativeTarget "Visual Timer Watch Watch AppTests" */ = {
			isa = XCConfigurationList;
			buildConfigurations = (
				CC56FE542FBA5ABE00918D5A /* Debug */,
				CC56FE552FBA5ABE00918D5A /* Release */,
			);
			defaultConfigurationIsVisible = 0;
			defaultConfigurationName = Release;
		};
		CC56FE562FBA5ABE00918D5A /* Build configuration list for PBXNativeTarget "Visual Timer Watch Watch AppUITests" */ = {
			isa = XCConfigurationList;
			buildConfigurations = (
				CC56FE572FBA5ABE00918D5A /* Debug */,
				CC56FE582FBA5ABE00918D5A /* Release */,
			);
			defaultConfigurationIsVisible = 0;
			defaultConfigurationName = Release;
		};
		DD44030A0000000000000001 /* Build configuration list for PBXNativeTarget "TurnTimerWidgets" */ = {
			isa = XCConfigurationList;
			buildConfigurations = (
				DD4403080000000000000001 /* Debug */,
				DD4403090000000000000001 /* Release */,
			);
			defaultConfigurationIsVisible = 0;
			defaultConfigurationName = Release;
		};
/* End XCConfigurationList section */
	};
	rootObject = CC56F6B92FBA1C2200918D5A /* Project object */;
}
