// !$*UTF8*$!
{
	archiveVersion = 1;
	classes = {
	};
	objectVersion = 77;
	objects = {

/* Begin PBXBuildFile section */
		CC56FE2C2FBA5ABC00918D5A /* Visual Timer Watch Watch App.app in Embed Watch Content */ = {isa = PBXBuildFile; fileRef = CC56FE2B2FBA5ABC00918D5A /* Visual Timer Watch Watch App.app */; settings = {ATTRIBUTES = (RemoveHeadersOnCopy, ); }; };
/* End PBXBuildFile section */

/* Begin PBXContainerItemProxy section */
		CC56F6CF2FBA1C2400918D5A /* PBXContainerItemProxy */ = {
			isa = PBXContainerItemProxy;
			containerPortal = CC56F6B92FBA1C2200918D5A /* Project object */;
			proxyType = 1;
			remoteGlobalIDString = CC56F6C02FBA1C2200918D5A;
			remoteInfo = "Visual Timer";
		};
		CC56F6D92FBA1C2400918D5A /* PBXContainerItemProxy */ = {
			isa = PBXContainerItemProxy;
			containerPortal = CC56F6B92FBA1C2200918D5A /* Project object */;
			proxyType = 1;
			remoteGlobalIDString = CC56F6C02FBA1C2200918D5A;
			remoteInfo = "Visual Timer";
		};
		CC56FE2D2FBA5ABC00918D5A /* PBXContainerItemProxy */ = {
			isa = PBXContainerItemProxy;
			containerPortal = CC56F6B92FBA1C2200918D5A /* Project object */;
			proxyType = 1;
			remoteGlobalIDString = CC56FE2A2FBA5ABC00918D5A;
			remoteInfo = "Visual Timer Watch Watch App";
		};
		CC56FE3B2FBA5ABE00918D5A /* PBXContainerItemProxy */ = {
			isa = PBXContainerItemProxy;
			containerPortal = CC56F6B92FBA1C2200918D5A /* Project object */;
			proxyType = 1;
			remoteGlobalIDString = CC56FE2A2FBA5ABC00918D5A;
			remoteInfo = "Visual Timer Watch Watch App";
		};
		CC56FE452FBA5ABE00918D5A /* PBXContainerItemProxy */ = {
			isa = PBXContainerItemProxy;
			containerPortal = CC56F6B92FBA1C2200918D5A /* Project object */;
			proxyType = 1;
			remoteGlobalIDString = CC56FE2A2FBA5ABC00918D5A;
			remoteInfo = "Visual Timer Watch Watch App";
		};
/* End PBXContainerItemProxy section */

/* Begin PBXCopyFilesBuildPhase section */
		CC56FE1D2FBA5A7200918D5A /* Embed Watch Content */ = {
			isa = PBXCopyFilesBuildPhase;
			buildActionMask = 2147483647;
			dstPath = "$(CONTENTS_FOLDER_PATH)/Watch";
			dstSubfolderSpec = 16;
			files = (
			);
			name = "Embed Watch Content";
			runOnlyForDeploymentPostprocessing = 0;
		};
		CC56FE4F2FBA5ABE00918D5A /* Embed Watch Content */ = {
			isa = PBXCopyFilesBuildPhase;
			buildActionMask = 2147483647;
			dstPath = "$(CONTENTS_FOLDER_PATH)/Watch";
			dstSubfolderSpec = 16;
			files = (
				CC56FE2C2FBA5ABC00918D5A /* Visual Timer Watch Watch App.app in Embed Watch Content */,
			);
			name = "Embed Watch Content";
			runOnlyForDeploymentPostprocessing = 0;
		};
/* End PBXCopyFilesBuildPhase section */

/* Begin PBXFileReference section */
		CC56F6C12FBA1C2200918D5A /* Visual Timer.app */ = {isa = PBXFileReference; explicitFileType = wrapper.application; includeInIndex = 0; path = "Visual Timer.app"; sourceTree = BUILT_PRODUCTS_DIR; };
		CC56F6CE2FBA1C2400918D5A /* Visual TimerTests.xctest */ = {isa = PBXFileReference; explicitFileType = wrapper.cfbundle; includeInIndex = 0; path = "Visual TimerTests.xctest"; sourceTree = BUILT_PRODUCTS_DIR; };
		CC56F6D82FBA1C2400918D5A /* Visual TimerUITests.xctest */ = {isa = PBXFileReference; explicitFileType = wrapper.cfbundle; includeInIndex = 0; path = "Visual TimerUITests.xctest"; sourceTree = BUILT_PRODUCTS_DIR; };
		CC56FE262FBA5ABC00918D5A /* Visual Timer Watch.app */ = {isa = PBXFileReference; explicitFileType = wrapper.application; includeInIndex = 0; path = "Visual Timer Watch.app"; sourceTree = BUILT_PRODUCTS_DIR; };
		CC56FE2B2FBA5ABC00918D5A /* Visual Timer Watch Watch App.app */ = {isa = PBXFileReference; explicitFileType = wrapper.application; includeInIndex = 0; path = "Visual Timer Watch Watch App.app"; sourceTree = BUILT_PRODUCTS_DIR; };
		CC56FE3A2FBA5ABE00918D5A /* Visual Timer Watch Watch AppTests.xctest */ = {isa = PBXFileReference; explicitFileType = wrapper.cfbundle; includeInIndex = 0; path = "Visual Timer Watch Watch AppTests.xctest"; sourceTree = BUILT_PRODUCTS_DIR; };
		CC56FE442FBA5ABE00918D5A /* Visual Timer Watch Watch AppUITests.xctest */ = {isa = PBXFileReference; explicitFileType = wrapper.cfbundle; includeInIndex = 0; path = "Visual Timer Watch Watch AppUITests.xctest"; sourceTree = BUILT_PRODUCTS_DIR; };
/* End PBXFileReference section */

/* Begin PBXFileSystemSynchronizedRootGroup section */
		CC56F6C32FBA1C2200918D5A /* Visual Timer */ = {
			isa = PBXFileSystemSynchronizedRootGroup;
			path = "Visual Timer";
			sourceTree = "<group>";
		};
		CC56F6D12FBA1C2400918D5A /* Visual TimerTests */ = {
			isa = PBXFileSystemSynchronizedRootGroup;
			path = "Visual TimerTests";
			sourceTree = "<group>";
		};
		CC56F6DB2FBA1C2400918D5A /* Visual TimerUITests */ = {
			isa = PBXFileSystemSynchronizedRootGroup;
			path = "Visual TimerUITests";
			sourceTree = "<group>";
		};
		CC56FDFA2FBA5A7000918D5A /* Visual Timer Watch Watch App */ = {
			isa = PBXFileSystemSynchronizedRootGroup;
			path = "Visual Timer Watch Watch App";
			sourceTree = "<group>";
		};
		CC56FE082FBA5A7200918D5A /* Visual Timer Watch Watch AppTests */ = {
			isa = PBXFileSystemSynchronizedRootGroup;
			path = "Visual Timer Watch Watch AppTests";
			sourceTree = "<group>";
		};
		CC56FE122FBA5A7200918D5A /* Visual Timer Watch Watch AppUITests */ = {
			isa = PBXFileSystemSynchronizedRootGroup;
			path = "Visual Timer Watch Watch AppUITests";
			sourceTree = "<group>";
		};
		CC56FE2F2FBA5ABC00918D5A /* Visual Timer Watch Watch App */ = {
			isa = PBXFileSystemSynchronizedRootGroup;
			path = "Visual Timer Watch Watch App";
			sourceTree = "<group>";
		};
		CC56FE3D2FBA5ABE00918D5A /* Visual Timer Watch Watch AppTests */ = {
			isa = PBXFileSystemSynchronizedRootGroup;
			path = "Visual Timer Watch Watch AppTests";
			sourceTree = "<group>";
		};
		CC56FE472FBA5ABE00918D5A /* Visual Timer Watch Watch AppUITests */ = {
			isa = PBXFileSystemSynchronizedRootGroup;
			path = "Visual Timer Watch Watch AppUITests";
			sourceTree = "<group>";
		};
/* End PBXFileSystemSynchronizedRootGroup section */

/* Begin PBXFrameworksBuildPhase section */
		CC56F6BE2FBA1C2200918D5A /* Frameworks */ = {
			isa = PBXFrameworksBuildPhase;
			buildActionMask = 2147483647;
			files = (
			);
			runOnlyForDeploymentPostprocessing = 0;
		};
		CC56F6CB2FBA1C2400918D5A /* Frameworks */ = {
			isa = PBXFrameworksBuildPhase;
			buildActionMask = 2147483647;
			files = (
			);
			runOnlyForDeploymentPostprocessing = 0;
		};
		CC56F6D52FBA1C2400918D5A /* Frameworks */ = {
			isa = PBXFrameworksBuildPhase;
			buildActionMask = 2147483647;
			files = (
			);
			runOnlyForDeploymentPostprocessing = 0;
		};
		CC56FE282FBA5ABC00918D5A /* Frameworks */ = {
			isa = PBXFrameworksBuildPhase;
			buildActionMask = 2147483647;
			files = (
			);
			runOnlyForDeploymentPostprocessing = 0;
		};
		CC56FE372FBA5ABE00918D5A /* Frameworks */ = {
			isa = PBXFrameworksBuildPhase;
			buildActionMask = 2147483647;
			files = (
			);
			runOnlyForDeploymentPostprocessing = 0;
		};
		CC56FE412FBA5ABE00918D5A /* Frameworks */ = {
			isa = PBXFrameworksBuildPhase;
			buildActionMask = 2147483647;
			files = (
			);
			runOnlyForDeploymentPostprocessing = 0;
		};
/* End PBXFrameworksBuildPhase section */

/* Begin PBXGroup section */
		CC56F6B82FBA1C2200918D5A = {
			isa = PBXGroup;
			children = (
				CC56F6C32FBA1C2200918D5A /* Visual Timer */,
				CC56F6D12FBA1C2400918D5A /* Visual TimerTests */,
				CC56F6DB2FBA1C2400918D5A /* Visual TimerUITests */,
				CC56FDFA2FBA5A7000918D5A /* Visual Timer Watch Watch App */,
				CC56FE082FBA5A7200918D5A /* Visual Timer Watch Watch AppTests */,
				CC56FE122FBA5A7200918D5A /* Visual Timer Watch Watch AppUITests */,
				CC56FE2F2FBA5ABC00918D5A /* Visual Timer Watch Watch App */,
				CC56FE3D2FBA5ABE00918D5A /* Visual Timer Watch Watch AppTests */,
				CC56FE472FBA5ABE00918D5A /* Visual Timer Watch Watch AppUITests */,
				CC56F6C22FBA1C2200918D5A /* Products */,
			);
			sourceTree = "<group>";
		};
		CC56F6C22FBA1C2200918D5A /* Products */ = {
			isa = PBXGroup;
			children = (
				CC56F6C12FBA1C2200918D5A /* Visual Timer.app */,
				CC56F6CE2FBA1C2400918D5A /* Visual TimerTests.xctest */,
				CC56F6D82FBA1C2400918D5A /* Visual TimerUITests.xctest */,
				CC56FE262FBA5ABC00918D5A /* Visual Timer Watch.app */,
				CC56FE2B2FBA5ABC00918D5A /* Visual Timer Watch Watch App.app */,
				CC56FE3A2FBA5ABE00918D5A /* Visual Timer Watch Watch AppTests.xctest */,
				CC56FE442FBA5ABE00918D5A /* Visual Timer Watch Watch AppUITests.xctest */,
			);
			name = Products;
			sourceTree = "<group>";
		};
/* End PBXGroup section */

/* Begin PBXNativeTarget section */
		CC56F6C02FBA1C2200918D5A /* Visual Timer */ = {
			isa = PBXNativeTarget;
			buildConfigurationList = CC56F6E22FBA1C2400918D5A /* Build configuration list for PBXNativeTarget "Visual Timer" */;
			buildPhases = (
				CC56F6BD2FBA1C2200918D5A /* Sources */,
				CC56F6BE2FBA1C2200918D5A /* Frameworks */,
				CC56F6BF2FBA1C2200918D5A /* Resources */,
				CC56FE1D2FBA5A7200918D5A /* Embed Watch Content */,
			);
			buildRules = (
			);
			dependencies = (
			);
			fileSystemSynchronizedGroups = (
				CC56F6C32FBA1C2200918D5A /* Visual Timer */,
			);
			name = "Visual Timer";
			packageProductDependencies = (
			);
			productName = "Visual Timer";
			productReference = CC56F6C12FBA1C2200918D5A /* Visual Timer.app */;
			productType = "com.apple.product-type.application";
		};
		CC56F6CD2FBA1C2400918D5A /* Visual TimerTests */ = {
			isa = PBXNativeTarget;
			buildConfigurationList = CC56F6E52FBA1C2400918D5A /* Build configuration list for PBXNativeTarget "Visual TimerTests" */;
			buildPhases = (
				CC56F6CA2FBA1C2400918D5A /* Sources */,
				CC56F6CB2FBA1C2400918D5A /* Frameworks */,
				CC56F6CC2FBA1C2400918D5A /* Resources */,
			);
			buildRules = (
			);
			dependencies = (
				CC56F6D02FBA1C2400918D5A /* PBXTargetDependency */,
			);
			fileSystemSynchronizedGroups = (
				CC56F6D12FBA1C2400918D5A /* Visual TimerTests */,
			);
			name = "Visual TimerTests";
			packageProductDependencies = (
			);
			productName = "Visual TimerTests";
			productReference = CC56F6CE2FBA1C2400918D5A /* Visual TimerTests.xctest */;
			productType = "com.apple.product-type.bundle.unit-test";
		};
		CC56F6D72FBA1C2400918D5A /* Visual TimerUITests */ = {
			isa = PBXNativeTarget;
			buildConfigurationList = CC56F6E82FBA1C2400918D5A /* Build configuration list for PBXNativeTarget "Visual TimerUITests" */;
			buildPhases = (
				CC56F6D42FBA1C2400918D5A /* Sources */,
				CC56F6D52FBA1C2400918D5A /* Frameworks */,
				CC56F6D62FBA1C2400918D5A /* Resources */,
			);
			buildRules = (
			);
			dependencies = (
				CC56F6DA2FBA1C2400918D5A /* PBXTargetDependency */,
			);
			fileSystemSynchronizedGroups = (
				CC56F6DB2FBA1C2400918D5A /* Visual TimerUITests */,
			);
			name = "Visual TimerUITests";
			packageProductDependencies = (
			);
			productName = "Visual TimerUITests";
			productReference = CC56F6D82FBA1C2400918D5A /* Visual TimerUITests.xctest */;
			productType = "com.apple.product-type.bundle.ui-testing";
		};
		CC56FE252FBA5ABC00918D5A /* Visual Timer Watch */ = {
			isa = PBXNativeTarget;
			buildConfigurationList = CC56FE502FBA5ABE00918D5A /* Build configuration list for PBXNativeTarget "Visual Timer Watch" */;
			buildPhases = (
				CC56FE242FBA5ABC00918D5A /* Resources */,
				CC56FE4F2FBA5ABE00918D5A /* Embed Watch Content */,
			);
			buildRules = (
			);
			dependencies = (
				CC56FE2E2FBA5ABC00918D5A /* PBXTargetDependency */,
			);
			name = "Visual Timer Watch";
			packageProductDependencies = (
			);
			productName = "Visual Timer Watch";
			productReference = CC56FE262FBA5ABC00918D5A /* Visual Timer Watch.app */;
			productType = "com.apple.product-type.application.watchapp2-container";
		};
		CC56FE2A2FBA5ABC00918D5A /* Visual Timer Watch Watch App */ = {
			isa = PBXNativeTarget;
			buildConfigurationList = CC56FE4C2FBA5ABE00918D5A /* Build configuration list for PBXNativeTarget "Visual Timer Watch Watch App" */;
			buildPhases = (
				CC56FE272FBA5ABC00918D5A /* Sources */,
				CC56FE282FBA5ABC00918D5A /* Frameworks */,
				CC56FE292FBA5ABC00918D5A /* Resources */,
			);
			buildRules = (
			);
			dependencies = (
			);
			fileSystemSynchronizedGroups = (
				CC56FE2F2FBA5ABC00918D5A /* Visual Timer Watch Watch App */,
			);
			name = "Visual Timer Watch Watch App";
			packageProductDependencies = (
			);
			productName = "Visual Timer Watch Watch App";
			productReference = CC56FE2B2FBA5ABC00918D5A /* Visual Timer Watch Watch App.app */;
			productType = "com.apple.product-type.application";
		};
		CC56FE392FBA5ABE00918D5A /* Visual Timer Watch Watch AppTests */ = {
			isa = PBXNativeTarget;
			buildConfigurationList = CC56FE532FBA5ABE00918D5A /* Build configuration list for PBXNativeTarget "Visual Timer Watch Watch AppTests" */;
			buildPhases = (
				CC56FE362FBA5ABE00918D5A /* Sources */,
				CC56FE372FBA5ABE00918D5A /* Frameworks */,
				CC56FE382FBA5ABE00918D5A /* Resources */,
			);
			buildRules = (
			);
			dependencies = (
				CC56FE3C2FBA5ABE00918D5A /* PBXTargetDependency */,
			);
			fileSystemSynchronizedGroups = (
				CC56FE3D2FBA5ABE00918D5A /* Visual Timer Watch Watch AppTests */,
			);
			name = "Visual Timer Watch Watch AppTests";
			packageProductDependencies = (
			);
			productName = "Visual Timer Watch Watch AppTests";
			productReference = CC56FE3A2FBA5ABE00918D5A /* Visual Timer Watch Watch AppTests.xctest */;
			productType = "com.apple.product-type.bundle.unit-test";
		};
		CC56FE432FBA5ABE00918D5A /* Visual Timer Watch Watch AppUITests */ = {
			isa = PBXNativeTarget;
			buildConfigurationList = CC56FE562FBA5ABE00918D5A /* Build configuration list for PBXNativeTarget "Visual Timer Watch Watch AppUITests" */;
			buildPhases = (
				CC56FE402FBA5ABE00918D5A /* Sources */,
				CC56FE412FBA5ABE00918D5A /* Frameworks */,
				CC56FE422FBA5ABE00918D5A /* Resources */,
			);
			buildRules = (
			);
			dependencies = (
				CC56FE462FBA5ABE00918D5A /* PBXTargetDependency */,
			);
			fileSystemSynchronizedGroups = (
				CC56FE472FBA5ABE00918D5A /* Visual Timer Watch Watch AppUITests */,
			);
			name = "Visual Timer Watch Watch AppUITests";
			packageProductDependencies = (
			);
			productName = "Visual Timer Watch Watch AppUITests";
			productReference = CC56FE442FBA5ABE00918D5A /* Visual Timer Watch Watch AppUITests.xctest */;
			productType = "com.apple.product-type.bundle.ui-testing";
		};
/* End PBXNativeTarget section */

/* Begin PBXProject section */
		CC56F6B92FBA1C2200918D5A /* Project object */ = {
			isa = PBXProject;
			attributes = {
				BuildIndependentTargetsInParallel = 1;
				LastSwiftUpdateCheck = 2650;
				LastUpgradeCheck = 2650;
				TargetAttributes = {
					CC56F6C02FBA1C2200918D5A = {
						CreatedOnToolsVersion = 26.5;
					};
					CC56F6CD2FBA1C2400918D5A = {
						CreatedOnToolsVersion = 26.5;
						TestTargetID = CC56F6C02FBA1C2200918D5A;
					};
					CC56F6D72FBA1C2400918D5A = {
						CreatedOnToolsVersion = 26.5;
						TestTargetID = CC56F6C02FBA1C2200918D5A;
					};
					CC56FE252FBA5ABC00918D5A = {
						CreatedOnToolsVersion = 26.5;
					};
					CC56FE2A2FBA5ABC00918D5A = {
						CreatedOnToolsVersion = 26.5;
					};
					CC56FE392FBA5ABE00918D5A = {
						CreatedOnToolsVersion = 26.5;
						TestTargetID = CC56FE2A2FBA5ABC00918D5A;
					};
					CC56FE432FBA5ABE00918D5A = {
						CreatedOnToolsVersion = 26.5;
						TestTargetID = CC56FE2A2FBA5ABC00918D5A;
					};
				};
			};
			buildConfigurationList = CC56F6BC2FBA1C2200918D5A /* Build configuration list for PBXProject "Visual Timer" */;
			developmentRegion = en;
			hasScannedForEncodings = 0;
			knownRegions = (
				en,
				Base,
			);
			mainGroup = CC56F6B82FBA1C2200918D5A;
			minimizedProjectReferenceProxies = 1;
			preferredProjectObjectVersion = 77;
			productRefGroup = CC56F6C22FBA1C2200918D5A /* Products */;
			projectDirPath = "";
			projectRoot = "";
			targets = (
				CC56F6C02FBA1C2200918D5A /* Visual Timer */,
				CC56F6CD2FBA1C2400918D5A /* Visual TimerTests */,
				CC56F6D72FBA1C2400918D5A /* Visual TimerUITests */,
				CC56FE252FBA5ABC00918D5A /* Visual Timer Watch */,
				CC56FE2A2FBA5ABC00918D5A /* Visual Timer Watch Watch App */,
				CC56FE392FBA5ABE00918D5A /* Visual Timer Watch Watch AppTests */,
				CC56FE432FBA5ABE00918D5A /* Visual Timer Watch Watch AppUITests */,
			);
		};
/* End PBXProject section */

/* Begin PBXResourcesBuildPhase section */
		CC56F6BF2FBA1C2200918D5A /* Resources */ = {
			isa = PBXResourcesBuildPhase;
			buildActionMask = 2147483647;
			files = (
			);
			runOnlyForDeploymentPostprocessing = 0;
		};
		CC56F6CC2FBA1C2400918D5A /* Resources */ = {
			isa = PBXResourcesBuildPhase;
			buildActionMask = 2147483647;
			files = (
			);
			runOnlyForDeploymentPostprocessing = 0;
		};
		CC56F6D62FBA1C2400918D5A /* Resources */ = {
			isa = PBXResourcesBuildPhase;
			buildActionMask = 2147483647;
			files = (
			);
			runOnlyForDeploymentPostprocessing = 0;
		};
		CC56FE242FBA5ABC00918D5A /* Resources */ = {
			isa = PBXResourcesBuildPhase;
			buildActionMask = 2147483647;
			files = (
			);
			runOnlyForDeploymentPostprocessing = 0;
		};
		CC56FE292FBA5ABC00918D5A /* Resources */ = {
			isa = PBXResourcesBuildPhase;
			buildActionMask = 2147483647;
			files = (
			);
			runOnlyForDeploymentPostprocessing = 0;
		};
		CC56FE382FBA5ABE00918D5A /* Resources */ = {
			isa = PBXResourcesBuildPhase;
			buildActionMask = 2147483647;
			files = (
			);
			runOnlyForDeploymentPostprocessing = 0;
		};
		CC56FE422FBA5ABE00918D5A /* Resources */ = {
			isa = PBXResourcesBuildPhase;
			buildActionMask = 2147483647;
			files = (
			);
			runOnlyForDeploymentPostprocessing = 0;
		};
/* End PBXResourcesBuildPhase section */

/* Begin PBXSourcesBuildPhase section */
		CC56F6BD2FBA1C2200918D5A /* Sources */ = {
			isa = PBXSourcesBuildPhase;
			buildActionMask = 2147483647;
			files = (
			);
			runOnlyForDeploymentPostprocessing = 0;
		};
		CC56F6CA2FBA1C2400918D5A /* Sources */ = {
			isa = PBXSourcesBuildPhase;
			buildActionMask = 2147483647;
			files = (
			);
			runOnlyForDeploymentPostprocessing = 0;
		};
		CC56F6D42FBA1C2400918D5A /* Sources */ = {
			isa = PBXSourcesBuildPhase;
			buildActionMask = 2147483647;
			files = (
			);
			runOnlyForDeploymentPostprocessing = 0;
		};
		CC56FE272FBA5ABC00918D5A /* Sources */ = {
			isa = PBXSourcesBuildPhase;
			buildActionMask = 2147483647;
			files = (
			);
			runOnlyForDeploymentPostprocessing = 0;
		};
		CC56FE362FBA5ABE00918D5A /* Sources */ = {
			isa = PBXSourcesBuildPhase;
			buildActionMask = 2147483647;
			files = (
			);
			runOnlyForDeploymentPostprocessing = 0;
		};
		CC56FE402FBA5ABE00918D5A /* Sources */ = {
			isa = PBXSourcesBuildPhase;
			buildActionMask = 2147483647;
			files = (
			);
			runOnlyForDeploymentPostprocessing = 0;
		};
/* End PBXSourcesBuildPhase section */

/* Begin PBXTargetDependency section */
		CC56F6D02FBA1C2400918D5A /* PBXTargetDependency */ = {
			isa = PBXTargetDependency;
			target = CC56F6C02FBA1C2200918D5A /* Visual Timer */;
			targetProxy = CC56F6CF2FBA1C2400918D5A /* PBXContainerItemProxy */;
		};
		CC56F6DA2FBA1C2400918D5A /* PBXTargetDependency */ = {
			isa = PBXTargetDependency;
			target = CC56F6C02FBA1C2200918D5A /* Visual Timer */;
			targetProxy = CC56F6D92FBA1C2400918D5A /* PBXContainerItemProxy */;
		};
		CC56FE2E2FBA5ABC00918D5A /* PBXTargetDependency */ = {
			isa = PBXTargetDependency;
			target = CC56FE2A2FBA5ABC00918D5A /* Visual Timer Watch Watch App */;
			targetProxy = CC56FE2D2FBA5ABC00918D5A /* PBXContainerItemProxy */;
		};
		CC56FE3C2FBA5ABE00918D5A /* PBXTargetDependency */ = {
			isa = PBXTargetDependency;
			target = CC56FE2A2FBA5ABC00918D5A /* Visual Timer Watch Watch App */;
			targetProxy = CC56FE3B2FBA5ABE00918D5A /* PBXContainerItemProxy */;
		};
		CC56FE462FBA5ABE00918D5A /* PBXTargetDependency */ = {
			isa = PBXTargetDependency;
			target = CC56FE2A2FBA5ABC00918D5A /* Visual Timer Watch Watch App */;
			targetProxy = CC56FE452FBA5ABE00918D5A /* PBXContainerItemProxy */;
		};
/* End PBXTargetDependency section */

/* Begin XCBuildConfiguration section */
		CC56F6E02FBA1C2400918D5A /* Debug */ = {
			isa = XCBuildConfiguration;
			buildSettings = {
				ALWAYS_SEARCH_USER_PATHS = NO;
				ASSETCATALOG_COMPILER_GENERATE_SWIFT_ASSET_SYMBOL_EXTENSIONS = YES;
				CLANG_ANALYZER_NONNULL = YES;
				CLANG_ANALYZER_NUMBER_OBJECT_CONVERSION = YES_AGGRESSIVE;
				CLANG_CXX_LANGUAGE_STANDARD = "gnu++20";
				CLANG_ENABLE_MODULES = YES;
				CLANG_ENABLE_OBJC_ARC = YES;
				CLANG_ENABLE_OBJC_WEAK = YES;
				CLANG_WARN_BLOCK_CAPTURE_AUTORELEASING = YES;
				CLANG_WARN_BOOL_CONVERSION = YES;
				CLANG_WARN_COMMA = YES;
				CLANG_WARN_CONSTANT_CONVERSION = YES;
				CLANG_WARN_DEPRECATED_OBJC_IMPLEMENTATIONS = YES;
				CLANG_WARN_DIRECT_OBJC_ISA_USAGE = YES_ERROR;
				CLANG_WARN_DOCUMENTATION_COMMENTS = YES;
				CLANG_WARN_EMPTY_BODY = YES;
				CLANG_WARN_ENUM_CONVERSION = YES;
				CLANG_WARN_INFINITE_RECURSION = YES;
				CLANG_WARN_INT_CONVERSION = YES;
				CLANG_WARN_NON_LITERAL_NULL_CONVERSION = YES;
				CLANG_WARN_OBJC_IMPLICIT_RETAIN_SELF = YES;
				CLANG_WARN_OBJC_LITERAL_CONVERSION = YES;
				CLANG_WARN_OBJC_ROOT_CLASS = YES_ERROR;
				CLANG_WARN_QUOTED_INCLUDE_IN_FRAMEWORK_HEADER = YES;
				CLANG_WARN_RANGE_LOOP_ANALYSIS = YES;
				CLANG_WARN_STRICT_PROTOTYPES = YES;
				CLANG_WARN_SUSPICIOUS_MOVE = YES;
				CLANG_WARN_UNGUARDED_AVAILABILITY = YES_AGGRESSIVE;
				CLANG_WARN_UNREACHABLE_CODE = YES;
				CLANG_WARN__DUPLICATE_METHOD_MATCH = YES;
				COPY_PHASE_STRIP = NO;
				DEBUG_INFORMATION_FORMAT = dwarf;
				DEVELOPMENT_TEAM = 8AXNA5B37R;
				ENABLE_STRICT_OBJC_MSGSEND = YES;
				ENABLE_TESTABILITY = YES;
				ENABLE_USER_SCRIPT_SANDBOXING = YES;
				GCC_C_LANGUAGE_STANDARD = gnu17;
				GCC_DYNAMIC_NO_PIC = NO;
				GCC_NO_COMMON_BLOCKS = YES;
				GCC_OPTIMIZATION_LEVEL = 0;
				GCC_PREPROCESSOR_DEFINITIONS = (
					"DEBUG=1",
					"$(inherited)",
				);
				GCC_WARN_64_TO_32_BIT_CONVERSION = YES;
				GCC_WARN_ABOUT_RETURN_TYPE = YES_ERROR;
				GCC_WARN_UNDECLARED_SELECTOR = YES;
				GCC_WARN_UNINITIALIZED_AUTOS = YES_AGGRESSIVE;
				GCC_WARN_UNUSED_FUNCTION = YES;
				GCC_WARN_UNUSED_VARIABLE = YES;
				IPHONEOS_DEPLOYMENT_TARGET = 18.0;
				LOCALIZATION_PREFERS_STRING_CATALOGS = YES;
				MTL_ENABLE_DEBUG_INFO = INCLUDE_SOURCE;
				MTL_FAST_MATH = YES;
				ONLY_ACTIVE_ARCH = YES;
				SDKROOT = iphoneos;
				SWIFT_ACTIVE_COMPILATION_CONDITIONS = "DEBUG $(inherited)";
				SWIFT_OPTIMIZATION_LEVEL = "-Onone";
			};
			name = Debug;
		};
		CC56F6E12FBA1C2400918D5A /* Release */ = {
			isa = XCBuildConfiguration;
			buildSettings = {
				ALWAYS_SEARCH_USER_PATHS = NO;
				ASSETCATALOG_COMPILER_GENERATE_SWIFT_ASSET_SYMBOL_EXTENSIONS = YES;
				CLANG_ANALYZER_NONNULL = YES;
				CLANG_ANALYZER_NUMBER_OBJECT_CONVERSION = YES_AGGRESSIVE;
				CLANG_CXX_LANGUAGE_STANDARD = "gnu++20";
				CLANG_ENABLE_MODULES = YES;
				CLANG_ENABLE_OBJC_ARC = YES;
				CLANG_ENABLE_OBJC_WEAK = YES;
				CLANG_WARN_BLOCK_CAPTURE_AUTORELEASING = YES;
				CLANG_WARN_BOOL_CONVERSION = YES;
				CLANG_WARN_COMMA = YES;
				CLANG_WARN_CONSTANT_CONVERSION = YES;
				CLANG_WARN_DEPRECATED_OBJC_IMPLEMENTATIONS = YES;
				CLANG_WARN_DIRECT_OBJC_ISA_USAGE = YES_ERROR;
				CLANG_WARN_DOCUMENTATION_COMMENTS = YES;
				CLANG_WARN_EMPTY_BODY = YES;
				CLANG_WARN_ENUM_CONVERSION = YES;
				CLANG_WARN_INFINITE_RECURSION = YES;
				CLANG_WARN_INT_CONVERSION = YES;
				CLANG_WARN_NON_LITERAL_NULL_CONVERSION = YES;
				CLANG_WARN_OBJC_IMPLICIT_RETAIN_SELF = YES;
				CLANG_WARN_OBJC_LITERAL_CONVERSION = YES;
				CLANG_WARN_OBJC_ROOT_CLASS = YES_ERROR;
				CLANG_WARN_QUOTED_INCLUDE_IN_FRAMEWORK_HEADER = YES;
				CLANG_WARN_RANGE_LOOP_ANALYSIS = YES;
				CLANG_WARN_STRICT_PROTOTYPES = YES;
				CLANG_WARN_SUSPICIOUS_MOVE = YES;
				CLANG_WARN_UNGUARDED_AVAILABILITY = YES_AGGRESSIVE;
				CLANG_WARN_UNREACHABLE_CODE = YES;
				CLANG_WARN__DUPLICATE_METHOD_MATCH = YES;
				COPY_PHASE_STRIP = NO;
				DEBUG_INFORMATION_FORMAT = "dwarf-with-dsym";
				DEVELOPMENT_TEAM = 8AXNA5B37R;
				ENABLE_NS_ASSERTIONS = NO;
				ENABLE_STRICT_OBJC_MSGSEND = YES;
				ENABLE_USER_SCRIPT_SANDBOXING = YES;
				GCC_C_LANGUAGE_STANDARD = gnu17;
				GCC_NO_COMMON_BLOCKS = YES;
				GCC_WARN_64_TO_32_BIT_CONVERSION = YES;
				GCC_WARN_ABOUT_RETURN_TYPE = YES_ERROR;
				GCC_WARN_UNDECLARED_SELECTOR = YES;
				GCC_WARN_UNINITIALIZED_AUTOS = YES_AGGRESSIVE;
				GCC_WARN_UNUSED_FUNCTION = YES;
				GCC_WARN_UNUSED_VARIABLE = YES;
				IPHONEOS_DEPLOYMENT_TARGET = 18.0;
				LOCALIZATION_PREFERS_STRING_CATALOGS = YES;
				MTL_ENABLE_DEBUG_INFO = NO;
				MTL_FAST_MATH = YES;
				SDKROOT = iphoneos;
				SWIFT_COMPILATION_MODE = wholemodule;
				VALIDATE_PRODUCT = YES;
			};
			name = Release;
		};
		CC56F6E32FBA1C2400918D5A /* Debug */ = {
			isa = XCBuildConfiguration;
			buildSettings = {
				ASSETCATALOG_COMPILER_APPICON_NAME = AppIcon;
				ASSETCATALOG_COMPILER_GLOBAL_ACCENT_COLOR_NAME = AccentColor;
				CODE_SIGN_ENTITLEMENTS = "Visual Timer/Visual Timer.entitlements";
				CODE_SIGN_STYLE = Automatic;
				CURRENT_PROJECT_VERSION = 1;
				DEVELOPMENT_TEAM = 8AXNA5B37R;
				ENABLE_PREVIEWS = YES;
				GENERATE_INFOPLIST_FILE = YES;
				INFOPLIST_KEY_CFBundleDisplayName = "Turn Timer";
				INFOPLIST_KEY_ITSAppUsesNonExemptEncryption = NO;
				INFOPLIST_KEY_LSApplicationCategoryType = "public.app-category.utilities";
				INFOPLIST_KEY_UIApplicationSceneManifest_Generation = YES;
				INFOPLIST_KEY_UIApplicationSupportsIndirectInputEvents = YES;
				INFOPLIST_KEY_UILaunchScreen_Generation = YES;
				INFOPLIST_KEY_UISupportedInterfaceOrientations_iPad = "UIInterfaceOrientationPortrait UIInterfaceOrientationPortraitUpsideDown UIInterfaceOrientationLandscapeLeft UIInterfaceOrientationLandscapeRight";
				INFOPLIST_KEY_UISupportedInterfaceOrientations_iPhone = "UIInterfaceOrientationPortrait UIInterfaceOrientationLandscapeLeft UIInterfaceOrientationLandscapeRight";
				LD_RUNPATH_SEARCH_PATHS = (
					"$(inherited)",
					"@executable_path/Frameworks",
				);
				MARKETING_VERSION = 1.0;
				PRODUCT_BUNDLE_IDENTIFIER = "Dan.Visual-Timer";
				PRODUCT_NAME = "$(TARGET_NAME)";
				STRING_CATALOG_GENERATE_SYMBOLS = YES;
				SWIFT_APPROACHABLE_CONCURRENCY = YES;
				SWIFT_DEFAULT_ACTOR_ISOLATION = MainActor;
				SWIFT_EMIT_LOC_STRINGS = YES;
				SWIFT_UPCOMING_FEATURE_MEMBER_IMPORT_VISIBILITY = YES;
				SWIFT_VERSION = 5.0;
				TARGETED_DEVICE_FAMILY = "1,2";
			};
			name = Debug;
		};
		CC56F6E42FBA1C2400918D5A /* Release */ = {
			isa = XCBuildConfiguration;
			buildSettings = {
				ASSETCATALOG_COMPILER_APPICON_NAME = AppIcon;
				ASSETCATALOG_COMPILER_GLOBAL_ACCENT_COLOR_NAME = AccentColor;
				CODE_SIGN_ENTITLEMENTS = "Visual Timer/Visual Timer.entitlements";
				CODE_SIGN_STYLE = Automatic;
				CURRENT_PROJECT_VERSION = 1;
				DEVELOPMENT_TEAM = 8AXNA5B37R;
				ENABLE_PREVIEWS = YES;
				GENERATE_INFOPLIST_FILE = YES;
				INFOPLIST_KEY_CFBundleDisplayName = "Turn Timer";
				INFOPLIST_KEY_ITSAppUsesNonExemptEncryption = NO;
				INFOPLIST_KEY_LSApplicationCategoryType = "public.app-category.utilities";
				INFOPLIST_KEY_UIApplicationSceneManifest_Generation = YES;
				INFOPLIST_KEY_UIApplicationSupportsIndirectInputEvents = YES;
				INFOPLIST_KEY_UILaunchScreen_Generation = YES;
				INFOPLIST_KEY_UISupportedInterfaceOrientations_iPad = "UIInterfaceOrientationPortrait UIInterfaceOrientationPortraitUpsideDown UIInterfaceOrientationLandscapeLeft UIInterfaceOrientationLandscapeRight";
				INFOPLIST_KEY_UISupportedInterfaceOrientations_iPhone = "UIInterfaceOrientationPortrait UIInterfaceOrientationLandscapeLeft UIInterfaceOrientationLandscapeRight";
				LD_RUNPATH_SEARCH_PATHS = (
					"$(inherited)",
					"@executable_path/Frameworks",
				);
				MARKETING_VERSION = 1.0;
				PRODUCT_BUNDLE_IDENTIFIER = "Dan.Visual-Timer";
				PRODUCT_NAME = "$(TARGET_NAME)";
				STRING_CATALOG_GENERATE_SYMBOLS = YES;
				SWIFT_APPROACHABLE_CONCURRENCY = YES;
				SWIFT_DEFAULT_ACTOR_ISOLATION = MainActor;
				SWIFT_EMIT_LOC_STRINGS = YES;
				SWIFT_UPCOMING_FEATURE_MEMBER_IMPORT_VISIBILITY = YES;
				SWIFT_VERSION = 5.0;
				TARGETED_DEVICE_FAMILY = "1,2";
			};
			name = Release;
		};
		CC56F6E62FBA1C2400918D5A /* Debug */ = {
			isa = XCBuildConfiguration;
			buildSettings = {
				BUNDLE_LOADER = "$(TEST_HOST)";
				CODE_SIGN_STYLE = Automatic;
				CURRENT_PROJECT_VERSION = 1;
				DEVELOPMENT_TEAM = 8AXNA5B37R;
				GENERATE_INFOPLIST_FILE = YES;
				IPHONEOS_DEPLOYMENT_TARGET = 18.0;
				MARKETING_VERSION = 1.0;
				PRODUCT_BUNDLE_IDENTIFIER = "Dan.Visual-TimerTests";
				PRODUCT_NAME = "$(TARGET_NAME)";
				STRING_CATALOG_GENERATE_SYMBOLS = NO;
				SWIFT_APPROACHABLE_CONCURRENCY = YES;
				SWIFT_EMIT_LOC_STRINGS = NO;
				SWIFT_UPCOMING_FEATURE_MEMBER_IMPORT_VISIBILITY = YES;
				SWIFT_VERSION = 5.0;
				TARGETED_DEVICE_FAMILY = "1,2";
				TEST_HOST = "$(BUILT_PRODUCTS_DIR)/Visual Timer.app/$(BUNDLE_EXECUTABLE_FOLDER_PATH)/Visual Timer";
			};
			name = Debug;
		};
		CC56F6E72FBA1C2400918D5A /* Release */ = {
			isa = XCBuildConfiguration;
			buildSettings = {
				BUNDLE_LOADER = "$(TEST_HOST)";
				CODE_SIGN_STYLE = Automatic;
				CURRENT_PROJECT_VERSION = 1;
				DEVELOPMENT_TEAM = 8AXNA5B37R;
				GENERATE_INFOPLIST_FILE = YES;
				IPHONEOS_DEPLOYMENT_TARGET = 18.0;
				MARKETING_VERSION = 1.0;
				PRODUCT_BUNDLE_IDENTIFIER = "Dan.Visual-TimerTests";
				PRODUCT_NAME = "$(TARGET_NAME)";
				STRING_CATALOG_GENERATE_SYMBOLS = NO;
				SWIFT_APPROACHABLE_CONCURRENCY = YES;
				SWIFT_EMIT_LOC_STRINGS = NO;
				SWIFT_UPCOMING_FEATURE_MEMBER_IMPORT_VISIBILITY = YES;
				SWIFT_VERSION = 5.0;
				TARGETED_DEVICE_FAMILY = "1,2";
				TEST_HOST = "$(BUILT_PRODUCTS_DIR)/Visual Timer.app/$(BUNDLE_EXECUTABLE_FOLDER_PATH)/Visual Timer";
			};
			name = Release;
		};
		CC56F6E92FBA1C2400918D5A /* Debug */ = {
			isa = XCBuildConfiguration;
			buildSettings = {
				CODE_SIGN_STYLE = Automatic;
				CURRENT_PROJECT_VERSION = 1;
				DEVELOPMENT_TEAM = 8AXNA5B37R;
				GENERATE_INFOPLIST_FILE = YES;
				MARKETING_VERSION = 1.0;
				PRODUCT_BUNDLE_IDENTIFIER = "Dan.Visual-TimerUITests";
				PRODUCT_NAME = "$(TARGET_NAME)";
				STRING_CATALOG_GENERATE_SYMBOLS = NO;
				SWIFT_APPROACHABLE_CONCURRENCY = YES;
				SWIFT_EMIT_LOC_STRINGS = NO;
				SWIFT_UPCOMING_FEATURE_MEMBER_IMPORT_VISIBILITY = YES;
				SWIFT_VERSION = 5.0;
				TARGETED_DEVICE_FAMILY = "1,2";
				TEST_TARGET_NAME = "Visual Timer";
			};
			name = Debug;
		};
		CC56F6EA2FBA1C2400918D5A /* Release */ = {
			isa = XCBuildConfiguration;
			buildSettings = {
				CODE_SIGN_STYLE = Automatic;
				CURRENT_PROJECT_VERSION = 1;
				DEVELOPMENT_TEAM = 8AXNA5B37R;
				GENERATE_INFOPLIST_FILE = YES;
				MARKETING_VERSION = 1.0;
				PRODUCT_BUNDLE_IDENTIFIER = "Dan.Visual-TimerUITests";
				PRODUCT_NAME = "$(TARGET_NAME)";
				STRING_CATALOG_GENERATE_SYMBOLS = NO;
				SWIFT_APPROACHABLE_CONCURRENCY = YES;
				SWIFT_EMIT_LOC_STRINGS = NO;
				SWIFT_UPCOMING_FEATURE_MEMBER_IMPORT_VISIBILITY = YES;
				SWIFT_VERSION = 5.0;
				TARGETED_DEVICE_FAMILY = "1,2";
				TEST_TARGET_NAME = "Visual Timer";
			};
			name = Release;
		};
		CC56FE4D2FBA5ABE00918D5A /* Debug */ = {
			isa = XCBuildConfiguration;
			buildSettings = {
				ASSETCATALOG_COMPILER_APPICON_NAME = AppIcon;
				ASSETCATALOG_COMPILER_GLOBAL_ACCENT_COLOR_NAME = AccentColor;
				CODE_SIGN_STYLE = Automatic;
				CURRENT_PROJECT_VERSION = 1;
				DEVELOPMENT_TEAM = 8AXNA5B37R;
				ENABLE_PREVIEWS = YES;
				GENERATE_INFOPLIST_FILE = YES;
				INFOPLIST_KEY_CFBundleDisplayName = "Turn Timer";
				INFOPLIST_KEY_UISupportedInterfaceOrientations = "UIInterfaceOrientationPortrait UIInterfaceOrientationPortraitUpsideDown";
				INFOPLIST_KEY_WKWatchOnly = YES;
				LD_RUNPATH_SEARCH_PATHS = (
					"$(inherited)",
					"@executable_path/Frameworks",
				);
				MARKETING_VERSION = 1.0;
				PRODUCT_BUNDLE_IDENTIFIER = "Dan.Visual-Timer-Watch.watchkitapp";
				PRODUCT_NAME = "$(TARGET_NAME)";
				SDKROOT = watchos;
				SKIP_INSTALL = YES;
				STRING_CATALOG_GENERATE_SYMBOLS = YES;
				SWIFT_APPROACHABLE_CONCURRENCY = YES;
				SWIFT_DEFAULT_ACTOR_ISOLATION = MainActor;
				SWIFT_EMIT_LOC_STRINGS = YES;
				SWIFT_UPCOMING_FEATURE_MEMBER_IMPORT_VISIBILITY = YES;
				SWIFT_VERSION = 5.0;
				TARGETED_DEVICE_FAMILY = 4;
				WATCHOS_DEPLOYMENT_TARGET = 11.0;
			};
			name = Debug;
		};
		CC56FE4E2FBA5ABE00918D5A /* Release */ = {
			isa = XCBuildConfiguration;
			buildSettings = {
				ASSETCATALOG_COMPILER_APPICON_NAME = AppIcon;
				ASSETCATALOG_COMPILER_GLOBAL_ACCENT_COLOR_NAME = AccentColor;
				CODE_SIGN_STYLE = Automatic;
				CURRENT_PROJECT_VERSION = 1;
				DEVELOPMENT_TEAM = 8AXNA5B37R;
				ENABLE_PREVIEWS = YES;
				GENERATE_INFOPLIST_FILE = YES;
				INFOPLIST_KEY_CFBundleDisplayName = "Turn Timer";
				INFOPLIST_KEY_UISupportedInterfaceOrientations = "UIInterfaceOrientationPortrait UIInterfaceOrientationPortraitUpsideDown";
				INFOPLIST_KEY_WKWatchOnly = YES;
				LD_RUNPATH_SEARCH_PATHS = (
					"$(inherited)",
					"@executable_path/Frameworks",
				);
				MARKETING_VERSION = 1.0;
				PRODUCT_BUNDLE_IDENTIFIER = "Dan.Visual-Timer-Watch.watchkitapp";
				PRODUCT_NAME = "$(TARGET_NAME)";
				SDKROOT = watchos;
				SKIP_INSTALL = YES;
				STRING_CATALOG_GENERATE_SYMBOLS = YES;
				SWIFT_APPROACHABLE_CONCURRENCY = YES;
				SWIFT_DEFAULT_ACTOR_ISOLATION = MainActor;
				SWIFT_EMIT_LOC_STRINGS = YES;
				SWIFT_UPCOMING_FEATURE_MEMBER_IMPORT_VISIBILITY = YES;
				SWIFT_VERSION = 5.0;
				TARGETED_DEVICE_FAMILY = 4;
				WATCHOS_DEPLOYMENT_TARGET = 11.0;
			};
			name = Release;
		};
		CC56FE512FBA5ABE00918D5A /* Debug */ = {
			isa = XCBuildConfiguration;
			buildSettings = {
				CODE_SIGN_STYLE = Automatic;
				CURRENT_PROJECT_VERSION = 1;
				DEVELOPMENT_TEAM = 8AXNA5B37R;
				INFOPLIST_KEY_CFBundleDisplayName = "Turn Timer";
				MARKETING_VERSION = 1.0;
				PRODUCT_BUNDLE_IDENTIFIER = "Dan.Visual-Timer-Watch";
				PRODUCT_NAME = "$(TARGET_NAME)";
				SWIFT_APPROACHABLE_CONCURRENCY = YES;
				SWIFT_UPCOMING_FEATURE_MEMBER_IMPORT_VISIBILITY = YES;
				SWIFT_VERSION = 5.0;
			};
			name = Debug;
		};
		CC56FE522FBA5ABE00918D5A /* Release */ = {
			isa = XCBuildConfiguration;
			buildSettings = {
				CODE_SIGN_STYLE = Automatic;
				CURRENT_PROJECT_VERSION = 1;
				DEVELOPMENT_TEAM = 8AXNA5B37R;
				INFOPLIST_KEY_CFBundleDisplayName = "Turn Timer";
				MARKETING_VERSION = 1.0;
				PRODUCT_BUNDLE_IDENTIFIER = "Dan.Visual-Timer-Watch";
				PRODUCT_NAME = "$(TARGET_NAME)";
				SWIFT_APPROACHABLE_CONCURRENCY = YES;
				SWIFT_UPCOMING_FEATURE_MEMBER_IMPORT_VISIBILITY = YES;
				SWIFT_VERSION = 5.0;
			};
			name = Release;
		};
		CC56FE542FBA5ABE00918D5A /* Debug */ = {
			isa = XCBuildConfiguration;
			buildSettings = {
				BUNDLE_LOADER = "$(TEST_HOST)";
				CODE_SIGN_STYLE = Automatic;
				CURRENT_PROJECT_VERSION = 1;
				DEVELOPMENT_TEAM = 8AXNA5B37R;
				GENERATE_INFOPLIST_FILE = YES;
				MARKETING_VERSION = 1.0;
				PRODUCT_BUNDLE_IDENTIFIER = "Dan.Visual-Timer-Watch-Watch-AppTests";
				PRODUCT_NAME = "$(TARGET_NAME)";
				SDKROOT = watchos;
				STRING_CATALOG_GENERATE_SYMBOLS = NO;
				SWIFT_APPROACHABLE_CONCURRENCY = YES;
				SWIFT_EMIT_LOC_STRINGS = NO;
				SWIFT_UPCOMING_FEATURE_MEMBER_IMPORT_VISIBILITY = YES;
				SWIFT_VERSION = 5.0;
				TARGETED_DEVICE_FAMILY = 4;
				TEST_HOST = "$(BUILT_PRODUCTS_DIR)/Visual Timer Watch Watch App.app/$(BUNDLE_EXECUTABLE_FOLDER_PATH)/Visual Timer Watch Watch App";
				WATCHOS_DEPLOYMENT_TARGET = 11.0;
			};
			name = Debug;
		};
		CC56FE552FBA5ABE00918D5A /* Release */ = {
			isa = XCBuildConfiguration;
			buildSettings = {
				BUNDLE_LOADER = "$(TEST_HOST)";
				CODE_SIGN_STYLE = Automatic;
				CURRENT_PROJECT_VERSION = 1;
				DEVELOPMENT_TEAM = 8AXNA5B37R;
				GENERATE_INFOPLIST_FILE = YES;
				MARKETING_VERSION = 1.0;
				PRODUCT_BUNDLE_IDENTIFIER = "Dan.Visual-Timer-Watch-Watch-AppTests";
				PRODUCT_NAME = "$(TARGET_NAME)";
				SDKROOT = watchos;
				STRING_CATALOG_GENERATE_SYMBOLS = NO;
				SWIFT_APPROACHABLE_CONCURRENCY = YES;
				SWIFT_EMIT_LOC_STRINGS = NO;
				SWIFT_UPCOMING_FEATURE_MEMBER_IMPORT_VISIBILITY = YES;
				SWIFT_VERSION = 5.0;
				TARGETED_DEVICE_FAMILY = 4;
				TEST_HOST = "$(BUILT_PRODUCTS_DIR)/Visual Timer Watch Watch App.app/$(BUNDLE_EXECUTABLE_FOLDER_PATH)/Visual Timer Watch Watch App";
				WATCHOS_DEPLOYMENT_TARGET = 11.0;
			};
			name = Release;
		};
		CC56FE572FBA5ABE00918D5A /* Debug */ = {
			isa = XCBuildConfiguration;
			buildSettings = {
				CODE_SIGN_STYLE = Automatic;
				CURRENT_PROJECT_VERSION = 1;
				DEVELOPMENT_TEAM = 8AXNA5B37R;
				GENERATE_INFOPLIST_FILE = YES;
				MARKETING_VERSION = 1.0;
				PRODUCT_BUNDLE_IDENTIFIER = "Dan.Visual-Timer-Watch-Watch-AppUITests";
				PRODUCT_NAME = "$(TARGET_NAME)";
				SDKROOT = watchos;
				STRING_CATALOG_GENERATE_SYMBOLS = NO;
				SWIFT_APPROACHABLE_CONCURRENCY = YES;
				SWIFT_EMIT_LOC_STRINGS = NO;
				SWIFT_UPCOMING_FEATURE_MEMBER_IMPORT_VISIBILITY = YES;
				SWIFT_VERSION = 5.0;
				TARGETED_DEVICE_FAMILY = 4;
				TEST_TARGET_NAME = "Visual Timer Watch Watch App";
				WATCHOS_DEPLOYMENT_TARGET = 11.0;
			};
			name = Debug;
		};
		CC56FE582FBA5ABE00918D5A /* Release */ = {
			isa = XCBuildConfiguration;
			buildSettings = {
				CODE_SIGN_STYLE = Automatic;
				CURRENT_PROJECT_VERSION = 1;
				DEVELOPMENT_TEAM = 8AXNA5B37R;
				GENERATE_INFOPLIST_FILE = YES;
				MARKETING_VERSION = 1.0;
				PRODUCT_BUNDLE_IDENTIFIER = "Dan.Visual-Timer-Watch-Watch-AppUITests";
				PRODUCT_NAME = "$(TARGET_NAME)";
				SDKROOT = watchos;
				STRING_CATALOG_GENERATE_SYMBOLS = NO;
				SWIFT_APPROACHABLE_CONCURRENCY = YES;
				SWIFT_EMIT_LOC_STRINGS = NO;
				SWIFT_UPCOMING_FEATURE_MEMBER_IMPORT_VISIBILITY = YES;
				SWIFT_VERSION = 5.0;
				TARGETED_DEVICE_FAMILY = 4;
				TEST_TARGET_NAME = "Visual Timer Watch Watch App";
				WATCHOS_DEPLOYMENT_TARGET = 11.0;
			};
			name = Release;
		};
/* End XCBuildConfiguration section */

/* Begin XCConfigurationList section */
		CC56F6BC2FBA1C2200918D5A /* Build configuration list for PBXProject "Visual Timer" */ = {
			isa = XCConfigurationList;
			buildConfigurations = (
				CC56F6E02FBA1C2400918D5A /* Debug */,
				CC56F6E12FBA1C2400918D5A /* Release */,
			);
			defaultConfigurationIsVisible = 0;
			defaultConfigurationName = Release;
		};
		CC56F6E22FBA1C2400918D5A /* Build configuration list for PBXNativeTarget "Visual Timer" */ = {
			isa = XCConfigurationList;
			buildConfigurations = (
				CC56F6E32FBA1C2400918D5A /* Debug */,
				CC56F6E42FBA1C2400918D5A /* Release */,
			);
			defaultConfigurationIsVisible = 0;
			defaultConfigurationName = Release;
		};
		CC56F6E52FBA1C2400918D5A /* Build configuration list for PBXNativeTarget "Visual TimerTests" */ = {
			isa = XCConfigurationList;
			buildConfigurations = (
				CC56F6E62FBA1C2400918D5A /* Debug */,
				CC56F6E72FBA1C2400918D5A /* Release */,
			);
			defaultConfigurationIsVisible = 0;
			defaultConfigurationName = Release;
		};
		CC56F6E82FBA1C2400918D5A /* Build configuration list for PBXNativeTarget "Visual TimerUITests" */ = {
			isa = XCConfigurationList;
			buildConfigurations = (
				CC56F6E92FBA1C2400918D5A /* Debug */,
				CC56F6EA2FBA1C2400918D5A /* Release */,
			);
			defaultConfigurationIsVisible = 0;
			defaultConfigurationName = Release;
		};
		CC56FE4C2FBA5ABE00918D5A /* Build configuration list for PBXNativeTarget "Visual Timer Watch Watch App" */ = {
			isa = XCConfigurationList;
			buildConfigurations = (
				CC56FE4D2FBA5ABE00918D5A /* Debug */,
				CC56FE4E2FBA5ABE00918D5A /* Release */,
			);
			defaultConfigurationIsVisible = 0;
			defaultConfigurationName = Release;
		};
		CC56FE502FBA5ABE00918D5A /* Build configuration list for PBXNativeTarget "Visual Timer Watch" */ = {
			isa = XCConfigurationList;
			buildConfigurations = (
				CC56FE512FBA5ABE00918D5A /* Debug */,
				CC56FE522FBA5ABE00918D5A /* Release */,
			);
			defaultConfigurationIsVisible = 0;
			defaultConfigurationName = Release;
		};
		CC56FE532FBA5ABE00918D5A /* Build configuration list for PBXNativeTarget "Visual Timer Watch Watch AppTests" */ = {
			isa = XCConfigurationList;
			buildConfigurations = (
				CC56FE542FBA5ABE00918D5A /* Debug */,
				CC56FE552FBA5ABE00918D5A /* Release */,
			);
			defaultConfigurationIsVisible = 0;
			defaultConfigurationName = Release;
		};
		CC56FE562FBA5ABE00918D5A /* Build configuration list for PBXNativeTarget "Visual Timer Watch Watch AppUITests" */ = {
			isa = XCConfigurationList;
			buildConfigurations = (
				CC56FE572FBA5ABE00918D5A /* Debug */,
				CC56FE582FBA5ABE00918D5A /* Release */,
			);
			defaultConfigurationIsVisible = 0;
			defaultConfigurationName = Release;
		};
/* End XCConfigurationList section */
	};
	rootObject = CC56F6B92FBA1C2200918D5A /* Project object */;
}
